// !$*UTF8*$!
{
	archiveVersion = 1;
	classes = {
	};
	objectVersion = 48;
	objects = {

/* Begin PBXBuildFile section */
		306789F509E535440E15B43E /* Pods_ATest.framework in Frameworks */ = {isa = PBXBuildFile; fileRef = 3DBD3F19968E03C18438B11C /* Pods_ATest.framework */; };
		40A94FDA206699F8008EC85B /* AppDelegate.m in Sources */ = {isa = PBXBuildFile; fileRef = 40A94FD9206699F8008EC85B /* AppDelegate.m */; };
		40A94FE0206699F8008EC85B /* Main.storyboard in Resources */ = {isa = PBXBuildFile; fileRef = 40A94FDE206699F8008EC85B /* Main.storyboard */; };
		40A94FE2206699F8008EC85B /* Assets.xcassets in Resources */ = {isa = PBXBuildFile; fileRef = 40A94FE1206699F8008EC85B /* Assets.xcassets */; };
		40A94FE5206699F8008EC85B /* LaunchScreen.storyboard in Resources */ = {isa = PBXBuildFile; fileRef = 40A94FE3206699F8008EC85B /* LaunchScreen.storyboard */; };
		40A94FE8206699F8008EC85B /* main.m in Sources */ = {isa = PBXBuildFile; fileRef = 40A94FE7206699F8008EC85B /* main.m */; };
		40A94FF2206699F8008EC85B /* ATestTests.m in Sources */ = {isa = PBXBuildFile; fileRef = 40A94FF1206699F8008EC85B /* ATestTests.m */; };
		40A94FFD206699F8008EC85B /* ATestUITests.m in Sources */ = {isa = PBXBuildFile; fileRef = 40A94FFC206699F8008EC85B /* ATestUITests.m */; };
		40A9500C20669C0B008EC85B /* ScanPhotowsVC.m in Sources */ = {isa = PBXBuildFile; fileRef = 40A9500B20669C0B008EC85B /* ScanPhotowsVC.m */; };
		40A9500F20669C4F008EC85B /* ScanPhotosCell.m in Sources */ = {isa = PBXBuildFile; fileRef = 40A9500E20669C4F008EC85B /* ScanPhotosCell.m */; };
		40A9503F2066A1CC008EC85B /* MediaUtils.m in Sources */ = {isa = PBXBuildFile; fileRef = 40A950132066A1CC008EC85B /* MediaUtils.m */; };
		40A950402066A1CC008EC85B /* PromptController.m in Sources */ = {isa = PBXBuildFile; fileRef = 40A950162066A1CC008EC85B /* PromptController.m */; };
		40A950412066A1CC008EC85B /* XMNAssetModel.m in Sources */ = {isa = PBXBuildFile; fileRef = 40A950182066A1CC008EC85B /* XMNAssetModel.m */; };
		40A950422066A1CC008EC85B /* XMNAlbumModel.m in Sources */ = {isa = PBXBuildFile; fileRef = 40A9501B2066A1CC008EC85B /* XMNAlbumModel.m */; };
		40A950432066A1CC008EC85B /* XMNPhotoManager.m in Sources */ = {isa = PBXBuildFile; fileRef = 40A9501C2066A1CC008EC85B /* XMNPhotoManager.m */; };
		40A950442066A1CC008EC85B /* PhotoPickerKit.xcassets in Resources */ = {isa = PBXBuildFile; fileRef = 40A9501D2066A1CC008EC85B /* PhotoPickerKit.xcassets */; };
		40A950452066A1CC008EC85B /* XMNVideoPreviewController.m in Sources */ = {isa = PBXBuildFile; fileRef = 40A950222066A1CC008EC85B /* XMNVideoPreviewController.m */; };
		40A950462066A1CC008EC85B /* XMNPhotoCollectionController.m in Sources */ = {isa = PBXBuildFile; fileRef = 40A950242066A1CC008EC85B /* XMNPhotoCollectionController.m */; };
		40A950472066A1CC008EC85B /* XMNPhotoPickerController.m in Sources */ = {isa = PBXBuildFile; fileRef = 40A950252066A1CC008EC85B /* XMNPhotoPickerController.m */; };
		40A950482066A1CC008EC85B /* XMNPhotoPreviewController.m in Sources */ = {isa = PBXBuildFile; fileRef = 40A950272066A1CC008EC85B /* XMNPhotoPreviewController.m */; };
		40A950492066A1CC008EC85B /* XMNAlbumCell.xib in Resources */ = {isa = PBXBuildFile; fileRef = 40A9502A2066A1CC008EC85B /* XMNAlbumCell.xib */; };
		40A9504A2066A1CC008EC85B /* XMNAssetCell.xib in Resources */ = {isa = PBXBuildFile; fileRef = 40A9502C2066A1CC008EC85B /* XMNAssetCell.xib */; };
		40A9504B2066A1CC008EC85B /* XMNPhotoPicker.xib in Resources */ = {isa = PBXBuildFile; fileRef = 40A9502D2066A1CC008EC85B /* XMNPhotoPicker.xib */; };
		40A9504C2066A1CC008EC85B /* XMNBottomBar.m in Sources */ = {isa = PBXBuildFile; fileRef = 40A9502E2066A1CC008EC85B /* XMNBottomBar.m */; };
		40A9504D2066A1CC008EC85B /* XMNPhotoStickLayout.m in Sources */ = {isa = PBXBuildFile; fileRef = 40A9502F2066A1CC008EC85B /* XMNPhotoStickLayout.m */; };
		40A9504E2066A1CC008EC85B /* XMNAlbumCell.m in Sources */ = {isa = PBXBuildFile; fileRef = 40A950312066A1CC008EC85B /* XMNAlbumCell.m */; };
		40A9504F2066A1CC008EC85B /* XMNPhotoPicker.m in Sources */ = {isa = PBXBuildFile; fileRef = 40A950322066A1CC008EC85B /* XMNPhotoPicker.m */; };
		40A950502066A1CC008EC85B /* XMNPhotoPreviewCell.m in Sources */ = {isa = PBXBuildFile; fileRef = 40A950332066A1CC008EC85B /* XMNPhotoPreviewCell.m */; };
		40A950512066A1CC008EC85B /* XMNBottomBar.xib in Resources */ = {isa = PBXBuildFile; fileRef = 40A950342066A1CC008EC85B /* XMNBottomBar.xib */; };
		40A950522066A1CC008EC85B /* XMNAssetCell.m in Sources */ = {isa = PBXBuildFile; fileRef = 40A950382066A1CC008EC85B /* XMNAssetCell.m */; };
		40A950532066A1CC008EC85B /* UIView+Animations.m in Sources */ = {isa = PBXBuildFile; fileRef = 40A9503A2066A1CC008EC85B /* UIView+Animations.m */; };
		40A950542066A1CC008EC85B /* UIViewController+XMNPhotoHUD.m in Sources */ = {isa = PBXBuildFile; fileRef = 40A9503B2066A1CC008EC85B /* UIViewController+XMNPhotoHUD.m */; };
		40A950572066A85E008EC85B /* DisplayPhotosVC.m in Sources */ = {isa = PBXBuildFile; fileRef = 40A950562066A85E008EC85B /* DisplayPhotosVC.m */; };
		40A950592066AB67008EC85B /* Photos.framework in Frameworks */ = {isa = PBXBuildFile; fileRef = 40A950582066AB67008EC85B /* Photos.framework */; };
		40A950902066AD28008EC85B /* NSDate+RMCalendarLogic.m in Sources */ = {isa = PBXBuildFile; fileRef = 40A9507D2066AD28008EC85B /* NSDate+RMCalendarLogic.m */; };
		40A950932066AEF0008EC85B /* CoreLocation.framework in Frameworks */ = {isa = PBXBuildFile; fileRef = 40A950922066AEEF008EC85B /* CoreLocation.framework */; };
/* End PBXBuildFile section */

/* Begin PBXContainerItemProxy section */
		40A94FEE206699F8008EC85B /* PBXContainerItemProxy */ = {
			isa = PBXContainerItemProxy;
			containerPortal = 40A94FCD206699F8008EC85B /* Project object */;
			proxyType = 1;
			remoteGlobalIDString = 40A94FD4206699F8008EC85B;
			remoteInfo = ATest;
		};
		40A94FF9206699F8008EC85B /* PBXContainerItemProxy */ = {
			isa = PBXContainerItemProxy;
			containerPortal = 40A94FCD206699F8008EC85B /* Project object */;
			proxyType = 1;
			remoteGlobalIDString = 40A94FD4206699F8008EC85B;
			remoteInfo = ATest;
		};
/* End PBXContainerItemProxy section */

/* Begin PBXFileReference section */
		3DBD3F19968E03C18438B11C /* Pods_ATest.framework */ = {isa = PBXFileReference; explicitFileType = wrapper.framework; includeInIndex = 0; path = Pods_ATest.framework; sourceTree = BUILT_PRODUCTS_DIR; };
		40A94FD5206699F8008EC85B /* ATest.app */ = {isa = PBXFileReference; explicitFileType = wrapper.application; includeInIndex = 0; path = ATest.app; sourceTree = BUILT_PRODUCTS_DIR; };
		40A94FD8206699F8008EC85B /* AppDelegate.h */ = {isa = PBXFileReference; lastKnownFileType = sourcecode.c.h; path = AppDelegate.h; sourceTree = "<group>"; };
		40A94FD9206699F8008EC85B /* AppDelegate.m */ = {isa = PBXFileReference; lastKnownFileType = sourcecode.c.objc; path = AppDelegate.m; sourceTree = "<group>"; };
		40A94FDF206699F8008EC85B /* Base */ = {isa = PBXFileReference; lastKnownFileType = file.storyboard; name = Base; path = Base.lproj/Main.storyboard; sourceTree = "<group>"; };
		40A94FE1206699F8008EC85B /* Assets.xcassets */ = {isa = PBXFileReference; lastKnownFileType = folder.assetcatalog; path = Assets.xcassets; sourceTree = "<group>"; };
		40A94FE4206699F8008EC85B /* Base */ = {isa = PBXFileReference; lastKnownFileType = file.storyboard; name = Base; path = Base.lproj/LaunchScreen.storyboard; sourceTree = "<group>"; };
		40A94FE6206699F8008EC85B /* Info.plist */ = {isa = PBXFileReference; lastKnownFileType = text.plist.xml; path = Info.plist; sourceTree = "<group>"; };
		40A94FE7206699F8008EC85B /* main.m */ = {isa = PBXFileReference; lastKnownFileType = sourcecode.c.objc; path = main.m; sourceTree = "<group>"; };
		40A94FED206699F8008EC85B /* ATestTests.xctest */ = {isa = PBXFileReference; explicitFileType = wrapper.cfbundle; includeInIndex = 0; path = ATestTests.xctest; sourceTree = BUILT_PRODUCTS_DIR; };
		40A94FF1206699F8008EC85B /* ATestTests.m */ = {isa = PBXFileReference; lastKnownFileType = sourcecode.c.objc; path = ATestTests.m; sourceTree = "<group>"; };
		40A94FF3206699F8008EC85B /* Info.plist */ = {isa = PBXFileReference; lastKnownFileType = text.plist.xml; path = Info.plist; sourceTree = "<group>"; };
		40A94FF8206699F8008EC85B /* ATestUITests.xctest */ = {isa = PBXFileReference; explicitFileType = wrapper.cfbundle; includeInIndex = 0; path = ATestUITests.xctest; sourceTree = BUILT_PRODUCTS_DIR; };
		40A94FFC206699F8008EC85B /* ATestUITests.m */ = {isa = PBXFileReference; lastKnownFileType = sourcecode.c.objc; path = ATestUITests.m; sourceTree = "<group>"; };
		40A94FFE206699F8008EC85B /* Info.plist */ = {isa = PBXFileReference; lastKnownFileType = text.plist.xml; path = Info.plist; sourceTree = "<group>"; };
		40A9500A20669C0B008EC85B /* ScanPhotowsVC.h */ = {isa = PBXFileReference; lastKnownFileType = sourcecode.c.h; path = ScanPhotowsVC.h; sourceTree = "<group>"; };
		40A9500B20669C0B008EC85B /* ScanPhotowsVC.m */ = {isa = PBXFileReference; lastKnownFileType = sourcecode.c.objc; path = ScanPhotowsVC.m; sourceTree = "<group>"; };
		40A9500D20669C4F008EC85B /* ScanPhotosCell.h */ = {isa = PBXFileReference; lastKnownFileType = sourcecode.c.h; path = ScanPhotosCell.h; sourceTree = "<group>"; };
		40A9500E20669C4F008EC85B /* ScanPhotosCell.m */ = {isa = PBXFileReference; lastKnownFileType = sourcecode.c.objc; path = ScanPhotosCell.m; sourceTree = "<group>"; };
		40A950122066A1CC008EC85B /* XMNPhotoManager.h */ = {isa = PBXFileReference; fileEncoding = 4; lastKnownFileType = sourcecode.c.h; path = XMNPhotoManager.h; sourceTree = "<group>"; };
		40A950132066A1CC008EC85B /* MediaUtils.m */ = {isa = PBXFileReference; fileEncoding = 4; lastKnownFileType = sourcecode.c.objc; path = MediaUtils.m; sourceTree = "<group>"; };
		40A950142066A1CC008EC85B /* XMNPhotoPickerFramework.h */ = {isa = PBXFileReference; fileEncoding = 4; lastKnownFileType = sourcecode.c.h; path = XMNPhotoPickerFramework.h; sourceTree = "<group>"; };
		40A950152066A1CC008EC85B /* XMNPhotoPickerDefines.h */ = {isa = PBXFileReference; fileEncoding = 4; lastKnownFileType = sourcecode.c.h; path = XMNPhotoPickerDefines.h; sourceTree = "<group>"; };
		40A950162066A1CC008EC85B /* PromptController.m */ = {isa = PBXFileReference; fileEncoding = 4; lastKnownFileType = sourcecode.c.objc; path = PromptController.m; sourceTree = "<group>"; };
		40A950182066A1CC008EC85B /* XMNAssetModel.m */ = {isa = PBXFileReference; fileEncoding = 4; lastKnownFileType = sourcecode.c.objc; path = XMNAssetModel.m; sourceTree = "<group>"; };
		40A950192066A1CC008EC85B /* XMNAlbumModel.h */ = {isa = PBXFileReference; fileEncoding = 4; lastKnownFileType = sourcecode.c.h; path = XMNAlbumModel.h; sourceTree = "<group>"; };
		40A9501A2066A1CC008EC85B /* XMNAssetModel.h */ = {isa = PBXFileReference; fileEncoding = 4; lastKnownFileType = sourcecode.c.h; path = XMNAssetModel.h; sourceTree = "<group>"; };
		40A9501B2066A1CC008EC85B /* XMNAlbumModel.m */ = {isa = PBXFileReference; fileEncoding = 4; lastKnownFileType = sourcecode.c.objc; path = XMNAlbumModel.m; sourceTree = "<group>"; };
		40A9501C2066A1CC008EC85B /* XMNPhotoManager.m */ = {isa = PBXFileReference; fileEncoding = 4; lastKnownFileType = sourcecode.c.objc; path = XMNPhotoManager.m; sourceTree = "<group>"; };
		40A9501D2066A1CC008EC85B /* PhotoPickerKit.xcassets */ = {isa = PBXFileReference; lastKnownFileType = folder.assetcatalog; path = PhotoPickerKit.xcassets; sourceTree = "<group>"; };
		40A9501E2066A1CC008EC85B /* MediaUtils.h */ = {isa = PBXFileReference; fileEncoding = 4; lastKnownFileType = sourcecode.c.h; path = MediaUtils.h; sourceTree = "<group>"; };
		40A950202066A1CC008EC85B /* XMNPhotoCollectionController.h */ = {isa = PBXFileReference; fileEncoding = 4; lastKnownFileType = sourcecode.c.h; path = XMNPhotoCollectionController.h; sourceTree = "<group>"; };
		40A950212066A1CC008EC85B /* XMNPhotoPickerController.h */ = {isa = PBXFileReference; fileEncoding = 4; lastKnownFileType = sourcecode.c.h; path = XMNPhotoPickerController.h; sourceTree = "<group>"; };
		40A950222066A1CC008EC85B /* XMNVideoPreviewController.m */ = {isa = PBXFileReference; fileEncoding = 4; lastKnownFileType = sourcecode.c.objc; path = XMNVideoPreviewController.m; sourceTree = "<group>"; };
		40A950232066A1CC008EC85B /* XMNPhotoPreviewController.h */ = {isa = PBXFileReference; fileEncoding = 4; lastKnownFileType = sourcecode.c.h; path = XMNPhotoPreviewController.h; sourceTree = "<group>"; };
		40A950242066A1CC008EC85B /* XMNPhotoCollectionController.m */ = {isa = PBXFileReference; fileEncoding = 4; lastKnownFileType = sourcecode.c.objc; path = XMNPhotoCollectionController.m; sourceTree = "<group>"; };
		40A950252066A1CC008EC85B /* XMNPhotoPickerController.m */ = {isa = PBXFileReference; fileEncoding = 4; lastKnownFileType = sourcecode.c.objc; path = XMNPhotoPickerController.m; sourceTree = "<group>"; };
		40A950262066A1CC008EC85B /* XMNVideoPreviewController.h */ = {isa = PBXFileReference; fileEncoding = 4; lastKnownFileType = sourcecode.c.h; path = XMNVideoPreviewController.h; sourceTree = "<group>"; };
		40A950272066A1CC008EC85B /* XMNPhotoPreviewController.m */ = {isa = PBXFileReference; fileEncoding = 4; lastKnownFileType = sourcecode.c.objc; path = XMNPhotoPreviewController.m; sourceTree = "<group>"; };
		40A950292066A1CC008EC85B /* XMNPhotoPreviewCell.h */ = {isa = PBXFileReference; fileEncoding = 4; lastKnownFileType = sourcecode.c.h; path = XMNPhotoPreviewCell.h; sourceTree = "<group>"; };
		40A9502A2066A1CC008EC85B /* XMNAlbumCell.xib */ = {isa = PBXFileReference; fileEncoding = 4; lastKnownFileType = file.xib; path = XMNAlbumCell.xib; sourceTree = "<group>"; };
		40A9502B2066A1CC008EC85B /* XMNPhotoPicker.h */ = {isa = PBXFileReference; fileEncoding = 4; lastKnownFileType = sourcecode.c.h; path = XMNPhotoPicker.h; sourceTree = "<group>"; };
		40A9502C2066A1CC008EC85B /* XMNAssetCell.xib */ = {isa = PBXFileReference; fileEncoding = 4; lastKnownFileType = file.xib; path = XMNAssetCell.xib; sourceTree = "<group>"; };
		40A9502D2066A1CC008EC85B /* XMNPhotoPicker.xib */ = {isa = PBXFileReference; fileEncoding = 4; lastKnownFileType = file.xib; path = XMNPhotoPicker.xib; sourceTree = "<group>"; };
		40A9502E2066A1CC008EC85B /* XMNBottomBar.m */ = {isa = PBXFileReference; fileEncoding = 4; lastKnownFileType = sourcecode.c.objc; path = XMNBottomBar.m; sourceTree = "<group>"; };
		40A9502F2066A1CC008EC85B /* XMNPhotoStickLayout.m */ = {isa = PBXFileReference; fileEncoding = 4; lastKnownFileType = sourcecode.c.objc; path = XMNPhotoStickLayout.m; sourceTree = "<group>"; };
		40A950302066A1CC008EC85B /* XMNAssetCell.h */ = {isa = PBXFileReference; fileEncoding = 4; lastKnownFileType = sourcecode.c.h; path = XMNAssetCell.h; sourceTree = "<group>"; };
		40A950312066A1CC008EC85B /* XMNAlbumCell.m */ = {isa = PBXFileReference; fileEncoding = 4; lastKnownFileType = sourcecode.c.objc; path = XMNAlbumCell.m; sourceTree = "<group>"; };
		40A950322066A1CC008EC85B /* XMNPhotoPicker.m */ = {isa = PBXFileReference; fileEncoding = 4; lastKnownFileType = sourcecode.c.objc; path = XMNPhotoPicker.m; sourceTree = "<group>"; };
		40A950332066A1CC008EC85B /* XMNPhotoPreviewCell.m */ = {isa = PBXFileReference; fileEncoding = 4; lastKnownFileType = sourcecode.c.objc; path = XMNPhotoPreviewCell.m; sourceTree = "<group>"; };
		40A950342066A1CC008EC85B /* XMNBottomBar.xib */ = {isa = PBXFileReference; fileEncoding = 4; lastKnownFileType = file.xib; path = XMNBottomBar.xib; sourceTree = "<group>"; };
		40A950352066A1CC008EC85B /* XMNBottomBar.h */ = {isa = PBXFileReference; fileEncoding = 4; lastKnownFileType = sourcecode.c.h; path = XMNBottomBar.h; sourceTree = "<group>"; };
		40A950362066A1CC008EC85B /* XMNPhotoStickLayout.h */ = {isa = PBXFileReference; fileEncoding = 4; lastKnownFileType = sourcecode.c.h; path = XMNPhotoStickLayout.h; sourceTree = "<group>"; };
		40A950372066A1CC008EC85B /* XMNAlbumCell.h */ = {isa = PBXFileReference; fileEncoding = 4; lastKnownFileType = sourcecode.c.h; path = XMNAlbumCell.h; sourceTree = "<group>"; };
		40A950382066A1CC008EC85B /* XMNAssetCell.m */ = {isa = PBXFileReference; fileEncoding = 4; lastKnownFileType = sourcecode.c.objc; path = XMNAssetCell.m; sourceTree = "<group>"; };
		40A9503A2066A1CC008EC85B /* UIView+Animations.m */ = {isa = PBXFileReference; fileEncoding = 4; lastKnownFileType = sourcecode.c.objc; path = "UIView+Animations.m"; sourceTree = "<group>"; };
		40A9503B2066A1CC008EC85B /* UIViewController+XMNPhotoHUD.m */ = {isa = PBXFileReference; fileEncoding = 4; lastKnownFileType = sourcecode.c.objc; path = "UIViewController+XMNPhotoHUD.m"; sourceTree = "<group>"; };
		40A9503C2066A1CC008EC85B /* UIView+Animations.h */ = {isa = PBXFileReference; fileEncoding = 4; lastKnownFileType = sourcecode.c.h; path = "UIView+Animations.h"; sourceTree = "<group>"; };
		40A9503D2066A1CC008EC85B /* UIViewController+XMNPhotoHUD.h */ = {isa = PBXFileReference; fileEncoding = 4; lastKnownFileType = sourcecode.c.h; path = "UIViewController+XMNPhotoHUD.h"; sourceTree = "<group>"; };
		40A9503E2066A1CC008EC85B /* PromptController.h */ = {isa = PBXFileReference; fileEncoding = 4; lastKnownFileType = sourcecode.c.h; path = PromptController.h; sourceTree = "<group>"; };
		40A950552066A85E008EC85B /* DisplayPhotosVC.h */ = {isa = PBXFileReference; lastKnownFileType = sourcecode.c.h; path = DisplayPhotosVC.h; sourceTree = "<group>"; };
		40A950562066A85E008EC85B /* DisplayPhotosVC.m */ = {isa = PBXFileReference; lastKnownFileType = sourcecode.c.objc; path = DisplayPhotosVC.m; sourceTree = "<group>"; };
		40A950582066AB67008EC85B /* Photos.framework */ = {isa = PBXFileReference; lastKnownFileType = wrapper.framework; name = Photos.framework; path = System/Library/Frameworks/Photos.framework; sourceTree = SDKROOT; };
		40A9506C2066AD28008EC85B /* NSDate+RMCalendarLogic.h */ = {isa = PBXFileReference; fileEncoding = 4; lastKnownFileType = sourcecode.c.h; path = "NSDate+RMCalendarLogic.h"; sourceTree = "<group>"; };
		40A950792066AD28008EC85B /* Category.h */ = {isa = PBXFileReference; fileEncoding = 4; lastKnownFileType = sourcecode.c.h; path = Category.h; sourceTree = "<group>"; };
		40A9507D2066AD28008EC85B /* NSDate+RMCalendarLogic.m */ = {isa = PBXFileReference; fileEncoding = 4; lastKnownFileType = sourcecode.c.objc; path = "NSDate+RMCalendarLogic.m"; sourceTree = "<group>"; };
		40A950922066AEEF008EC85B /* CoreLocation.framework */ = {isa = PBXFileReference; lastKnownFileType = wrapper.framework; name = CoreLocation.framework; path = System/Library/Frameworks/CoreLocation.framework; sourceTree = SDKROOT; };
		4E8C0F1E2A234D06CDBEEF8C /* Pods-ATest.debug.xcconfig */ = {isa = PBXFileReference; includeInIndex = 1; lastKnownFileType = text.xcconfig; name = "Pods-ATest.debug.xcconfig"; path = "Pods/Target Support Files/Pods-ATest/Pods-ATest.debug.xcconfig"; sourceTree = "<group>"; };
		BD619D37DBBFE3404EB26105 /* Pods-ATest.release.xcconfig */ = {isa = PBXFileReference; includeInIndex = 1; lastKnownFileType = text.xcconfig; name = "Pods-ATest.release.xcconfig"; path = "Pods/Target Support Files/Pods-ATest/Pods-ATest.release.xcconfig"; sourceTree = "<group>"; };
/* End PBXFileReference section */

/* Begin PBXFrameworksBuildPhase section */
		40A94FD2206699F8008EC85B /* Frameworks */ = {
			isa = PBXFrameworksBuildPhase;
			buildActionMask = 2147483647;
			files = (
				40A950932066AEF0008EC85B /* CoreLocation.framework in Frameworks */,
				40A950592066AB67008EC85B /* Photos.framework in Frameworks */,
				306789F509E535440E15B43E /* Pods_ATest.framework in Frameworks */,
			);
			runOnlyForDeploymentPostprocessing = 0;
		};
		40A94FEA206699F8008EC85B /* Frameworks */ = {
			isa = PBXFrameworksBuildPhase;
			buildActionMask = 2147483647;
			files = (
			);
			runOnlyForDeploymentPostprocessing = 0;
		};
		40A94FF5206699F8008EC85B /* Frameworks */ = {
			isa = PBXFrameworksBuildPhase;
			buildActionMask = 2147483647;
			files = (
			);
			runOnlyForDeploymentPostprocessing = 0;
		};
/* End PBXFrameworksBuildPhase section */

/* Begin PBXGroup section */
		40A94FCC206699F8008EC85B = {
			isa = PBXGroup;
			children = (
				40A94FD7206699F8008EC85B /* ATest */,
				40A94FF0206699F8008EC85B /* ATestTests */,
				40A94FFB206699F8008EC85B /* ATestUITests */,
				40A94FD6206699F8008EC85B /* Products */,
				A588C890EFBF1D67A1AE970E /* Pods */,
				7BF16C28E8B4ADAEAF8E83EC /* Frameworks */,
			);
			sourceTree = "<group>";
		};
		40A94FD6206699F8008EC85B /* Products */ = {
			isa = PBXGroup;
			children = (
				40A94FD5206699F8008EC85B /* ATest.app */,
				40A94FED206699F8008EC85B /* ATestTests.xctest */,
				40A94FF8206699F8008EC85B /* ATestUITests.xctest */,
			);
			name = Products;
			sourceTree = "<group>";
		};
		40A94FD7206699F8008EC85B /* ATest */ = {
			isa = PBXGroup;
			children = (
				40A950102066A1CC008EC85B /* Utils */,
				40A94FD8206699F8008EC85B /* AppDelegate.h */,
				40A94FD9206699F8008EC85B /* AppDelegate.m */,
				40A94FDE206699F8008EC85B /* Main.storyboard */,
				40A94FE1206699F8008EC85B /* Assets.xcassets */,
				40A94FE3206699F8008EC85B /* LaunchScreen.storyboard */,
				40A94FE6206699F8008EC85B /* Info.plist */,
				40A94FE7206699F8008EC85B /* main.m */,
				40A9500A20669C0B008EC85B /* ScanPhotowsVC.h */,
				40A9500B20669C0B008EC85B /* ScanPhotowsVC.m */,
				40A9500D20669C4F008EC85B /* ScanPhotosCell.h */,
				40A9500E20669C4F008EC85B /* ScanPhotosCell.m */,
				40A950552066A85E008EC85B /* DisplayPhotosVC.h */,
				40A950562066A85E008EC85B /* DisplayPhotosVC.m */,
			);
			path = ATest;
			sourceTree = "<group>";
		};
		40A94FF0206699F8008EC85B /* ATestTests */ = {
			isa = PBXGroup;
			children = (
				40A94FF1206699F8008EC85B /* ATestTests.m */,
				40A94FF3206699F8008EC85B /* Info.plist */,
			);
			path = ATestTests;
			sourceTree = "<group>";
		};
		40A94FFB206699F8008EC85B /* ATestUITests */ = {
			isa = PBXGroup;
			children = (
				40A94FFC206699F8008EC85B /* ATestUITests.m */,
				40A94FFE206699F8008EC85B /* Info.plist */,
			);
			path = ATestUITests;
			sourceTree = "<group>";
		};
		40A950102066A1CC008EC85B /* Utils */ = {
			isa = PBXGroup;
			children = (
				40A9505A2066AD28008EC85B /* Category */,
				40A950112066A1CC008EC85B /* XMNPhotoPickerFramework */,
			);
			path = Utils;
			sourceTree = "<group>";
		};
		40A950112066A1CC008EC85B /* XMNPhotoPickerFramework */ = {
			isa = PBXGroup;
			children = (
				40A950122066A1CC008EC85B /* XMNPhotoManager.h */,
				40A950132066A1CC008EC85B /* MediaUtils.m */,
				40A950142066A1CC008EC85B /* XMNPhotoPickerFramework.h */,
				40A950152066A1CC008EC85B /* XMNPhotoPickerDefines.h */,
				40A950162066A1CC008EC85B /* PromptController.m */,
				40A950172066A1CC008EC85B /* Models */,
				40A9501C2066A1CC008EC85B /* XMNPhotoManager.m */,
				40A9501D2066A1CC008EC85B /* PhotoPickerKit.xcassets */,
				40A9501E2066A1CC008EC85B /* MediaUtils.h */,
				40A9501F2066A1CC008EC85B /* Controllers */,
				40A950282066A1CC008EC85B /* Views */,
				40A950392066A1CC008EC85B /* Categories */,
				40A9503E2066A1CC008EC85B /* PromptController.h */,
			);
			path = XMNPhotoPickerFramework;
			sourceTree = "<group>";
		};
		40A950172066A1CC008EC85B /* Models */ = {
			isa = PBXGroup;
			children = (
				40A950182066A1CC008EC85B /* XMNAssetModel.m */,
				40A950192066A1CC008EC85B /* XMNAlbumModel.h */,
				40A9501A2066A1CC008EC85B /* XMNAssetModel.h */,
				40A9501B2066A1CC008EC85B /* XMNAlbumModel.m */,
			);
			path = Models;
			sourceTree = "<group>";
		};
		40A9501F2066A1CC008EC85B /* Controllers */ = {
			isa = PBXGroup;
			children = (
				40A950202066A1CC008EC85B /* XMNPhotoCollectionController.h */,
				40A950212066A1CC008EC85B /* XMNPhotoPickerController.h */,
				40A950222066A1CC008EC85B /* XMNVideoPreviewController.m */,
				40A950232066A1CC008EC85B /* XMNPhotoPreviewController.h */,
				40A950242066A1CC008EC85B /* XMNPhotoCollectionController.m */,
				40A950252066A1CC008EC85B /* XMNPhotoPickerController.m */,
				40A950262066A1CC008EC85B /* XMNVideoPreviewController.h */,
				40A950272066A1CC008EC85B /* XMNPhotoPreviewController.m */,
			);
			path = Controllers;
			sourceTree = "<group>";
		};
		40A950282066A1CC008EC85B /* Views */ = {
			isa = PBXGroup;
			children = (
				40A950292066A1CC008EC85B /* XMNPhotoPreviewCell.h */,
				40A9502A2066A1CC008EC85B /* XMNAlbumCell.xib */,
				40A9502B2066A1CC008EC85B /* XMNPhotoPicker.h */,
				40A9502C2066A1CC008EC85B /* XMNAssetCell.xib */,
				40A9502D2066A1CC008EC85B /* XMNPhotoPicker.xib */,
				40A9502E2066A1CC008EC85B /* XMNBottomBar.m */,
				40A9502F2066A1CC008EC85B /* XMNPhotoStickLayout.m */,
				40A950302066A1CC008EC85B /* XMNAssetCell.h */,
				40A950312066A1CC008EC85B /* XMNAlbumCell.m */,
				40A950322066A1CC008EC85B /* XMNPhotoPicker.m */,
				40A950332066A1CC008EC85B /* XMNPhotoPreviewCell.m */,
				40A950342066A1CC008EC85B /* XMNBottomBar.xib */,
				40A950352066A1CC008EC85B /* XMNBottomBar.h */,
				40A950362066A1CC008EC85B /* XMNPhotoStickLayout.h */,
				40A950372066A1CC008EC85B /* XMNAlbumCell.h */,
				40A950382066A1CC008EC85B /* XMNAssetCell.m */,
			);
			path = Views;
			sourceTree = "<group>";
		};
		40A950392066A1CC008EC85B /* Categories */ = {
			isa = PBXGroup;
			children = (
				40A9503A2066A1CC008EC85B /* UIView+Animations.m */,
				40A9503B2066A1CC008EC85B /* UIViewController+XMNPhotoHUD.m */,
				40A9503C2066A1CC008EC85B /* UIView+Animations.h */,
				40A9503D2066A1CC008EC85B /* UIViewController+XMNPhotoHUD.h */,
			);
			path = Categories;
			sourceTree = "<group>";
		};
		40A9505A2066AD28008EC85B /* Category */ = {
			isa = PBXGroup;
			children = (
				40A9506C2066AD28008EC85B /* NSDate+RMCalendarLogic.h */,
				40A9507D2066AD28008EC85B /* NSDate+RMCalendarLogic.m */,
				40A950792066AD28008EC85B /* Category.h */,
			);
			path = Category;
			sourceTree = "<group>";
		};
		7BF16C28E8B4ADAEAF8E83EC /* Frameworks */ = {
			isa = PBXGroup;
			children = (
				40A950922066AEEF008EC85B /* CoreLocation.framework */,
				40A950582066AB67008EC85B /* Photos.framework */,
				3DBD3F19968E03C18438B11C /* Pods_ATest.framework */,
			);
			name = Frameworks;
			sourceTree = "<group>";
		};
		A588C890EFBF1D67A1AE970E /* Pods */ = {
			isa = PBXGroup;
			children = (
				4E8C0F1E2A234D06CDBEEF8C /* Pods-ATest.debug.xcconfig */,
				BD619D37DBBFE3404EB26105 /* Pods-ATest.release.xcconfig */,
			);
			name = Pods;
			sourceTree = "<group>";
		};
/* End PBXGroup section */

/* Begin PBXNativeTarget section */
		40A94FD4206699F8008EC85B /* ATest */ = {
			isa = PBXNativeTarget;
			buildConfigurationList = 40A95001206699F8008EC85B /* Build configuration list for PBXNativeTarget "ATest" */;
			buildPhases = (
				F52D7F65F04C8FD3BD16572E /* [CP] Check Pods Manifest.lock */,
				40A94FD1206699F8008EC85B /* Sources */,
				40A94FD2206699F8008EC85B /* Frameworks */,
				40A94FD3206699F8008EC85B /* Resources */,
				BCD6F77CFF1F8EA3CBD6FAB1 /* [CP] Embed Pods Frameworks */,
				1D4256002ED01641BA988D6C /* [CP] Copy Pods Resources */,
			);
			buildRules = (
			);
			dependencies = (
			);
			name = ATest;
			productName = ATest;
			productReference = 40A94FD5206699F8008EC85B /* ATest.app */;
			productType = "com.apple.product-type.application";
		};
		40A94FEC206699F8008EC85B /* ATestTests */ = {
			isa = PBXNativeTarget;
			buildConfigurationList = 40A95004206699F8008EC85B /* Build configuration list for PBXNativeTarget "ATestTests" */;
			buildPhases = (
				40A94FE9206699F8008EC85B /* Sources */,
				40A94FEA206699F8008EC85B /* Frameworks */,
				40A94FEB206699F8008EC85B /* Resources */,
			);
			buildRules = (
			);
			dependencies = (
				40A94FEF206699F8008EC85B /* PBXTargetDependency */,
			);
			name = ATestTests;
			productName = ATestTests;
			productReference = 40A94FED206699F8008EC85B /* ATestTests.xctest */;
			productType = "com.apple.product-type.bundle.unit-test";
		};
		40A94FF7206699F8008EC85B /* ATestUITests */ = {
			isa = PBXNativeTarget;
			buildConfigurationList = 40A95007206699F8008EC85B /* Build configuration list for PBXNativeTarget "ATestUITests" */;
			buildPhases = (
				40A94FF4206699F8008EC85B /* Sources */,
				40A94FF5206699F8008EC85B /* Frameworks */,
				40A94FF6206699F8008EC85B /* Resources */,
			);
			buildRules = (
			);
			dependencies = (
				40A94FFA206699F8008EC85B /* PBXTargetDependency */,
			);
			name = ATestUITests;
			productName = ATestUITests;
			productReference = 40A94FF8206699F8008EC85B /* ATestUITests.xctest */;
			productType = "com.apple.product-type.bundle.ui-testing";
		};
/* End PBXNativeTarget section */

/* Begin PBXProject section */
		40A94FCD206699F8008EC85B /* Project object */ = {
			isa = PBXProject;
			attributes = {
				LastUpgradeCheck = 0920;
				ORGANIZATIONNAME = Kiddie;
				TargetAttributes = {
					40A94FD4206699F8008EC85B = {
						CreatedOnToolsVersion = 9.2;
						ProvisioningStyle = Automatic;
					};
					40A94FEC206699F8008EC85B = {
						CreatedOnToolsVersion = 9.2;
						ProvisioningStyle = Automatic;
						TestTargetID = 40A94FD4206699F8008EC85B;
					};
					40A94FF7206699F8008EC85B = {
						CreatedOnToolsVersion = 9.2;
						ProvisioningStyle = Automatic;
						TestTargetID = 40A94FD4206699F8008EC85B;
					};
				};
			};
			buildConfigurationList = 40A94FD0206699F8008EC85B /* Build configuration list for PBXProject "ATest" */;
			compatibilityVersion = "Xcode 8.0";
			developmentRegion = en;
			hasScannedForEncodings = 0;
			knownRegions = (
				en,
				Base,
			);
			mainGroup = 40A94FCC206699F8008EC85B;
			productRefGroup = 40A94FD6206699F8008EC85B /* Products */;
			projectDirPath = "";
			projectRoot = "";
			targets = (
				40A94FD4206699F8008EC85B /* ATest */,
				40A94FEC206699F8008EC85B /* ATestTests */,
				40A94FF7206699F8008EC85B /* ATestUITests */,
			);
		};
/* End PBXProject section */

/* Begin PBXResourcesBuildPhase section */
		40A94FD3206699F8008EC85B /* Resources */ = {
			isa = PBXResourcesBuildPhase;
			buildActionMask = 2147483647;
			files = (
				40A9504A2066A1CC008EC85B /* XMNAssetCell.xib in Resources */,
				40A94FE5206699F8008EC85B /* LaunchScreen.storyboard in Resources */,
				40A94FE2206699F8008EC85B /* Assets.xcassets in Resources */,
				40A94FE0206699F8008EC85B /* Main.storyboard in Resources */,
				40A9504B2066A1CC008EC85B /* XMNPhotoPicker.xib in Resources */,
				40A950492066A1CC008EC85B /* XMNAlbumCell.xib in Resources */,
				40A950512066A1CC008EC85B /* XMNBottomBar.xib in Resources */,
				40A950442066A1CC008EC85B /* PhotoPickerKit.xcassets in Resources */,
			);
			runOnlyForDeploymentPostprocessing = 0;
		};
		40A94FEB206699F8008EC85B /* Resources */ = {
			isa = PBXResourcesBuildPhase;
			buildActionMask = 2147483647;
			files = (
			);
			runOnlyForDeploymentPostprocessing = 0;
		};
		40A94FF6206699F8008EC85B /* Resources */ = {
			isa = PBXResourcesBuildPhase;
			buildActionMask = 2147483647;
			files = (
			);
			runOnlyForDeploymentPostprocessing = 0;
		};
/* End PBXResourcesBuildPhase section */

/* Begin PBXShellScriptBuildPhase section */
		1D4256002ED01641BA988D6C /* [CP] Copy Pods Resources */ = {
			isa = PBXShellScriptBuildPhase;
			buildActionMask = 2147483647;
			files = (
			);
			inputPaths = (
			);
			name = "[CP] Copy Pods Resources";
			outputPaths = (
			);
			runOnlyForDeploymentPostprocessing = 0;
			shellPath = /bin/sh;
			shellScript = "\"${SRCROOT}/Pods/Target Support Files/Pods-ATest/Pods-ATest-resources.sh\"\n";
			showEnvVarsInLog = 0;
		};
		BCD6F77CFF1F8EA3CBD6FAB1 /* [CP] Embed Pods Frameworks */ = {
			isa = PBXShellScriptBuildPhase;
			buildActionMask = 2147483647;
			files = (
			);
			inputPaths = (
				"${SRCROOT}/Pods/Target Support Files/Pods-ATest/Pods-ATest-frameworks.sh",
				"${BUILT_PRODUCTS_DIR}/Masonry/Masonry.framework",
				"${BUILT_PRODUCTS_DIR}/SDWebImage/SDWebImage.framework",
				"${BUILT_PRODUCTS_DIR}/ZLPhotoBrowser/ZLPhotoBrowser.framework",
			);
			name = "[CP] Embed Pods Frameworks";
			outputPaths = (
				"${TARGET_BUILD_DIR}/${FRAMEWORKS_FOLDER_PATH}/Masonry.framework",
				"${TARGET_BUILD_DIR}/${FRAMEWORKS_FOLDER_PATH}/SDWebImage.framework",
				"${TARGET_BUILD_DIR}/${FRAMEWORKS_FOLDER_PATH}/ZLPhotoBrowser.framework",
			);
			runOnlyForDeploymentPostprocessing = 0;
			shellPath = /bin/sh;
			shellScript = "\"${SRCROOT}/Pods/Target Support Files/Pods-ATest/Pods-ATest-frameworks.sh\"\n";
			showEnvVarsInLog = 0;
		};
		F52D7F65F04C8FD3BD16572E /* [CP] Check Pods Manifest.lock */ = {
			isa = PBXShellScriptBuildPhase;
			buildActionMask = 2147483647;
			files = (
			);
			inputPaths = (
				"${PODS_PODFILE_DIR_PATH}/Podfile.lock",
				"${PODS_ROOT}/Manifest.lock",
			);
			name = "[CP] Check Pods Manifest.lock";
			outputPaths = (
				"$(DERIVED_FILE_DIR)/Pods-ATest-checkManifestLockResult.txt",
			);
			runOnlyForDeploymentPostprocessing = 0;
			shellPath = /bin/sh;
			shellScript = "diff \"${PODS_PODFILE_DIR_PATH}/Podfile.lock\" \"${PODS_ROOT}/Manifest.lock\" > /dev/null\nif [ $? != 0 ] ; then\n    # print error to STDERR\n    echo \"error: The sandbox is not in sync with the Podfile.lock. Run 'pod install' or update your CocoaPods installation.\" >&2\n    exit 1\nfi\n# This output is used by Xcode 'outputs' to avoid re-running this script phase.\necho \"SUCCESS\" > \"${SCRIPT_OUTPUT_FILE_0}\"\n";
			showEnvVarsInLog = 0;
		};
/* End PBXShellScriptBuildPhase section */

/* Begin PBXSourcesBuildPhase section */
		40A94FD1206699F8008EC85B /* Sources */ = {
			isa = PBXSourcesBuildPhase;
			buildActionMask = 2147483647;
			files = (
				40A9503F2066A1CC008EC85B /* MediaUtils.m in Sources */,
				40A9504F2066A1CC008EC85B /* XMNPhotoPicker.m in Sources */,
				40A950402066A1CC008EC85B /* PromptController.m in Sources */,
				40A950542066A1CC008EC85B /* UIViewController+XMNPhotoHUD.m in Sources */,
				40A950452066A1CC008EC85B /* XMNVideoPreviewController.m in Sources */,
				40A950482066A1CC008EC85B /* XMNPhotoPreviewController.m in Sources */,
				40A950412066A1CC008EC85B /* XMNAssetModel.m in Sources */,
				40A950432066A1CC008EC85B /* XMNPhotoManager.m in Sources */,
				40A9504D2066A1CC008EC85B /* XMNPhotoStickLayout.m in Sources */,
				40A9504C2066A1CC008EC85B /* XMNBottomBar.m in Sources */,
				40A94FE8206699F8008EC85B /* main.m in Sources */,
				40A9500F20669C4F008EC85B /* ScanPhotosCell.m in Sources */,
				40A94FDA206699F8008EC85B /* AppDelegate.m in Sources */,
				40A950472066A1CC008EC85B /* XMNPhotoPickerController.m in Sources */,
				40A950572066A85E008EC85B /* DisplayPhotosVC.m in Sources */,
				40A950532066A1CC008EC85B /* UIView+Animations.m in Sources */,
				40A950502066A1CC008EC85B /* XMNPhotoPreviewCell.m in Sources */,
				40A950462066A1CC008EC85B /* XMNPhotoCollectionController.m in Sources */,
				40A9504E2066A1CC008EC85B /* XMNAlbumCell.m in Sources */,
				40A950902066AD28008EC85B /* NSDate+RMCalendarLogic.m in Sources */,
				40A9500C20669C0B008EC85B /* ScanPhotowsVC.m in Sources */,
				40A950422066A1CC008EC85B /* XMNAlbumModel.m in Sources */,
				40A950522066A1CC008EC85B /* XMNAssetCell.m in Sources */,
			);
			runOnlyForDeploymentPostprocessing = 0;
		};
		40A94FE9206699F8008EC85B /* Sources */ = {
			isa = PBXSourcesBuildPhase;
			buildActionMask = 2147483647;
			files = (
				40A94FF2206699F8008EC85B /* ATestTests.m in Sources */,
			);
			runOnlyForDeploymentPostprocessing = 0;
		};
		40A94FF4206699F8008EC85B /* Sources */ = {
			isa = PBXSourcesBuildPhase;
			buildActionMask = 2147483647;
			files = (
				40A94FFD206699F8008EC85B /* ATestUITests.m in Sources */,
			);
			runOnlyForDeploymentPostprocessing = 0;
		};
/* End PBXSourcesBuildPhase section */

/* Begin PBXTargetDependency section */
		40A94FEF206699F8008EC85B /* PBXTargetDependency */ = {
			isa = PBXTargetDependency;
			target = 40A94FD4206699F8008EC85B /* ATest */;
			targetProxy = 40A94FEE206699F8008EC85B /* PBXContainerItemProxy */;
		};
		40A94FFA206699F8008EC85B /* PBXTargetDependency */ = {
			isa = PBXTargetDependency;
			target = 40A94FD4206699F8008EC85B /* ATest */;
			targetProxy = 40A94FF9206699F8008EC85B /* PBXContainerItemProxy */;
		};
/* End PBXTargetDependency section */

/* Begin PBXVariantGroup section */
		40A94FDE206699F8008EC85B /* Main.storyboard */ = {
			isa = PBXVariantGroup;
			children = (
				40A94FDF206699F8008EC85B /* Base */,
			);
			name = Main.storyboard;
			sourceTree = "<group>";
		};
		40A94FE3206699F8008EC85B /* LaunchScreen.storyboard */ = {
			isa = PBXVariantGroup;
			children = (
				40A94FE4206699F8008EC85B /* Base */,
			);
			name = LaunchScreen.storyboard;
			sourceTree = "<group>";
		};
/* End PBXVariantGroup section */

/* Begin XCBuildConfiguration section */
		40A94FFF206699F8008EC85B /* Debug */ = {
			isa = XCBuildConfiguration;
			buildSettings = {
				ALWAYS_SEARCH_USER_PATHS = NO;
				CLANG_ANALYZER_NONNULL = YES;
				CLANG_ANALYZER_NUMBER_OBJECT_CONVERSION = YES_AGGRESSIVE;
				CLANG_CXX_LANGUAGE_STANDARD = "gnu++14";
				CLANG_CXX_LIBRARY = "libc++";
				CLANG_ENABLE_MODULES = YES;
				CLANG_ENABLE_OBJC_ARC = YES;
				CLANG_WARN_BLOCK_CAPTURE_AUTORELEASING = YES;
				CLANG_WARN_BOOL_CONVERSION = YES;
				CLANG_WARN_COMMA = YES;
				CLANG_WARN_CONSTANT_CONVERSION = YES;
				CLANG_WARN_DIRECT_OBJC_ISA_USAGE = YES_ERROR;
				CLANG_WARN_DOCUMENTATION_COMMENTS = YES;
				CLANG_WARN_EMPTY_BODY = YES;
				CLANG_WARN_ENUM_CONVERSION = YES;
				CLANG_WARN_INFINITE_RECURSION = YES;
				CLANG_WARN_INT_CONVERSION = YES;
				CLANG_WARN_NON_LITERAL_NULL_CONVERSION = YES;
				CLANG_WARN_OBJC_LITERAL_CONVERSION = YES;
				CLANG_WARN_OBJC_ROOT_CLASS = YES_ERROR;
				CLANG_WARN_RANGE_LOOP_ANALYSIS = YES;
				CLANG_WARN_STRICT_PROTOTYPES = YES;
				CLANG_WARN_SUSPICIOUS_MOVE = YES;
				CLANG_WARN_UNGUARDED_AVAILABILITY = YES_AGGRESSIVE;
				CLANG_WARN_UNREACHABLE_CODE = YES;
				CLANG_WARN__DUPLICATE_METHOD_MATCH = YES;
				CODE_SIGN_IDENTITY = "iPhone Developer";
				COPY_PHASE_STRIP = NO;
				DEBUG_INFORMATION_FORMAT = dwarf;
				ENABLE_STRICT_OBJC_MSGSEND = YES;
				ENABLE_TESTABILITY = YES;
				GCC_C_LANGUAGE_STANDARD = gnu11;
				GCC_DYNAMIC_NO_PIC = NO;
				GCC_NO_COMMON_BLOCKS = YES;
				GCC_OPTIMIZATION_LEVEL = 0;
				GCC_PREPROCESSOR_DEFINITIONS = (
					"DEBUG=1",
					"$(inherited)",
				);
				GCC_WARN_64_TO_32_BIT_CONVERSION = YES;
				GCC_WARN_ABOUT_RETURN_TYPE = YES_ERROR;
				GCC_WARN_UNDECLARED_SELECTOR = YES;
				GCC_WARN_UNINITIALIZED_AUTOS = YES_AGGRESSIVE;
				GCC_WARN_UNUSED_FUNCTION = YES;
				GCC_WARN_UNUSED_VARIABLE = YES;
				IPHONEOS_DEPLOYMENT_TARGET = 11.2;
				MTL_ENABLE_DEBUG_INFO = YES;
				ONLY_ACTIVE_ARCH = YES;
				SDKROOT = iphoneos;
			};
			name = Debug;
		};
		40A95000206699F8008EC85B /* Release */ = {
			isa = XCBuildConfiguration;
			buildSettings = {
				ALWAYS_SEARCH_USER_PATHS = NO;
				CLANG_ANALYZER_NONNULL = YES;
				CLANG_ANALYZER_NUMBER_OBJECT_CONVERSION = YES_AGGRESSIVE;
				CLANG_CXX_LANGUAGE_STANDARD = "gnu++14";
				CLANG_CXX_LIBRARY = "libc++";
				CLANG_ENABLE_MODULES = YES;
				CLANG_ENABLE_OBJC_ARC = YES;
				CLANG_WARN_BLOCK_CAPTURE_AUTORELEASING = YES;
				CLANG_WARN_BOOL_CONVERSION = YES;
				CLANG_WARN_COMMA = YES;
				CLANG_WARN_CONSTANT_CONVERSION = YES;
				CLANG_WARN_DIRECT_OBJC_ISA_USAGE = YES_ERROR;
				CLANG_WARN_DOCUMENTATION_COMMENTS = YES;
				CLANG_WARN_EMPTY_BODY = YES;
				CLANG_WARN_ENUM_CONVERSION = YES;
				CLANG_WARN_INFINITE_RECURSION = YES;
				CLANG_WARN_INT_CONVERSION = YES;
				CLANG_WARN_NON_LITERAL_NULL_CONVERSION = YES;
				CLANG_WARN_OBJC_LITERAL_CONVERSION = YES;
				CLANG_WARN_OBJC_ROOT_CLASS = YES_ERROR;
				CLANG_WARN_RANGE_LOOP_ANALYSIS = YES;
				CLANG_WARN_STRICT_PROTOTYPES = YES;
				CLANG_WARN_SUSPICIOUS_MOVE = YES;
				CLANG_WARN_UNGUARDED_AVAILABILITY = YES_AGGRESSIVE;
				CLANG_WARN_UNREACHABLE_CODE = YES;
				CLANG_WARN__DUPLICATE_METHOD_MATCH = YES;
				CODE_SIGN_IDENTITY = "iPhone Developer";
				COPY_PHASE_STRIP = NO;
				DEBUG_INFORMATION_FORMAT = "dwarf-with-dsym";
				ENABLE_NS_ASSERTIONS = NO;
				ENABLE_STRICT_OBJC_MSGSEND = YES;
				GCC_C_LANGUAGE_STANDARD = gnu11;
				GCC_NO_COMMON_BLOCKS = YES;
				GCC_WARN_64_TO_32_BIT_CONVERSION = YES;
				GCC_WARN_ABOUT_RETURN_TYPE = YES_ERROR;
				GCC_WARN_UNDECLARED_SELECTOR = YES;
				GCC_WARN_UNINITIALIZED_AUTOS = YES_AGGRESSIVE;
				GCC_WARN_UNUSED_FUNCTION = YES;
				GCC_WARN_UNUSED_VARIABLE = YES;
				IPHONEOS_DEPLOYMENT_TARGET = 11.2;
				MTL_ENABLE_DEBUG_INFO = NO;
				SDKROOT = iphoneos;
				VALIDATE_PRODUCT = YES;
			};
			name = Release;
		};
		40A95002206699F8008EC85B /* Debug */ = {
			isa = XCBuildConfiguration;
			baseConfigurationReference = 4E8C0F1E2A234D06CDBEEF8C /* Pods-ATest.debug.xcconfig */;
			buildSettings = {
				ASSETCATALOG_COMPILER_APPICON_NAME = AppIcon;
				CODE_SIGN_STYLE = Automatic;
				DEVELOPMENT_TEAM = FJMVR73497;
				INFOPLIST_FILE = ATest/Info.plist;
				IPHONEOS_DEPLOYMENT_TARGET = 9.0;
				LD_RUNPATH_SEARCH_PATHS = "$(inherited) @executable_path/Frameworks";
				PRODUCT_BUNDLE_IDENTIFIER = Cango.ATest;
				PRODUCT_NAME = "$(TARGET_NAME)";
				TARGETED_DEVICE_FAMILY = "1,2";
			};
			name = Debug;
		};
		40A95003206699F8008EC85B /* Release */ = {
			isa = XCBuildConfiguration;
			baseConfigurationReference = BD619D37DBBFE3404EB26105 /* Pods-ATest.release.xcconfig */;
			buildSettings = {
				ASSETCATALOG_COMPILER_APPICON_NAME = AppIcon;
				CODE_SIGN_STYLE = Automatic;
				DEVELOPMENT_TEAM = FJMVR73497;
				INFOPLIST_FILE = ATest/Info.plist;
				IPHONEOS_DEPLOYMENT_TARGET = 9.0;
				LD_RUNPATH_SEARCH_PATHS = "$(inherited) @executable_path/Frameworks";
				PRODUCT_BUNDLE_IDENTIFIER = Cango.ATest;
				PRODUCT_NAME = "$(TARGET_NAME)";
				TARGETED_DEVICE_FAMILY = "1,2";
			};
			name = Release;
		};
		40A95005206699F8008EC85B /* Debug */ = {
			isa = XCBuildConfiguration;
			buildSettings = {
				BUNDLE_LOADER = "$(TEST_HOST)";
				CODE_SIGN_STYLE = Automatic;
				DEVELOPMENT_TEAM = FJMVR73497;
				INFOPLIST_FILE = ATestTests/Info.plist;
				LD_RUNPATH_SEARCH_PATHS = "$(inherited) @executable_path/Frameworks @loader_path/Frameworks";
				PRODUCT_BUNDLE_IDENTIFIER = Cango.ATestTests;
				PRODUCT_NAME = "$(TARGET_NAME)";
				TARGETED_DEVICE_FAMILY = "1,2";
				TEST_HOST = "$(BUILT_PRODUCTS_DIR)/ATest.app/ATest";
			};
			name = Debug;
		};
		40A95006206699F8008EC85B /* Release */ = {
			isa = XCBuildConfiguration;
			buildSettings = {
				BUNDLE_LOADER = "$(TEST_HOST)";
				CODE_SIGN_STYLE = Automatic;
				DEVELOPMENT_TEAM = FJMVR73497;
				INFOPLIST_FILE = ATestTests/Info.plist;
				LD_RUNPATH_SEARCH_PATHS = "$(inherited) @executable_path/Frameworks @loader_path/Frameworks";
				PRODUCT_BUNDLE_IDENTIFIER = Cango.ATestTests;
				PRODUCT_NAME = "$(TARGET_NAME)";
				TARGETED_DEVICE_FAMILY = "1,2";
				TEST_HOST = "$(BUILT_PRODUCTS_DIR)/ATest.app/ATest";
			};
			name = Release;
		};
		40A95008206699F8008EC85B /* Debug */ = {
			isa = XCBuildConfiguration;
			buildSettings = {
				CODE_SIGN_STYLE = Automatic;
				DEVELOPMENT_TEAM = FJMVR73497;
				INFOPLIST_FILE = ATestUITests/Info.plist;
				LD_RUNPATH_SEARCH_PATHS = "$(inherited) @executable_path/Frameworks @loader_path/Frameworks";
				PRODUCT_BUNDLE_IDENTIFIER = Cango.ATestUITests;
				PRODUCT_NAME = "$(TARGET_NAME)";
				TARGETED_DEVICE_FAMILY = "1,2";
				TEST_TARGET_NAME = ATest;
			};
			name = Debug;
		};
		40A95009206699F8008EC85B /* Release */ = {
			isa = XCBuildConfiguration;
			buildSettings = {
				CODE_SIGN_STYLE = Automatic;
				DEVELOPMENT_TEAM = FJMVR73497;
				INFOPLIST_FILE = ATestUITests/Info.plist;
				LD_RUNPATH_SEARCH_PATHS = "$(inherited) @executable_path/Frameworks @loader_path/Frameworks";
				PRODUCT_BUNDLE_IDENTIFIER = Cango.ATestUITests;
				PRODUCT_NAME = "$(TARGET_NAME)";
				TARGETED_DEVICE_FAMILY = "1,2";
				TEST_TARGET_NAME = ATest;
			};
			name = Release;
		};
/* End XCBuildConfiguration section */

/* Begin XCConfigurationList section */
		40A94FD0206699F8008EC85B /* Build configuration list for PBXProject "ATest" */ = {
			isa = XCConfigurationList;
			buildConfigurations = (
				40A94FFF206699F8008EC85B /* Debug */,
				40A95000206699F8008EC85B /* Release */,
			);
			defaultConfigurationIsVisible = 0;
			defaultConfigurationName = Release;
		};
		40A95001206699F8008EC85B /* Build configuration list for PBXNativeTarget "ATest" */ = {
			isa = XCConfigurationList;
			buildConfigurations = (
				40A95002206699F8008EC85B /* Debug */,
				40A95003206699F8008EC85B /* Release */,
			);
			defaultConfigurationIsVisible = 0;
			defaultConfigurationName = Release;
		};
		40A95004206699F8008EC85B /* Build configuration list for PBXNativeTarget "ATestTests" */ = {
			isa = XCConfigurationList;
			buildConfigurations = (
				40A95005206699F8008EC85B /* Debug */,
				40A95006206699F8008EC85B /* Release */,
			);
			defaultConfigurationIsVisible = 0;
			defaultConfigurationName = Release;
		};
		40A95007206699F8008EC85B /* Build configuration list for PBXNativeTarget "ATestUITests" */ = {
			isa = XCConfigurationList;
			buildConfigurations = (
				40A95008206699F8008EC85B /* Debug */,
				40A95009206699F8008EC85B /* Release */,
			);
			defaultConfigurationIsVisible = 0;
			defaultConfigurationName = Release;
		};
/* End XCConfigurationList section */
	};
	rootObject = 40A94FCD206699F8008EC85B /* Project object */;
}
