// !$*UTF8*$!
{
	archiveVersion = 1;
	classes = {
	};
	objectVersion = 48;
	objects = {

/* Begin PBXBuildFile section */
		4015C312207E2735005CEB48 /* OnePhotosVC.swift in Sources */ = {isa = PBXBuildFile; fileRef = 4015C30A207E2735005CEB48 /* OnePhotosVC.swift */; };
		4015C313207E2735005CEB48 /* PhotosSelectVC.swift in Sources */ = {isa = PBXBuildFile; fileRef = 4015C30B207E2735005CEB48 /* PhotosSelectVC.swift */; };
		4015C314207E2735005CEB48 /* PhtotsCell.swift in Sources */ = {isa = PBXBuildFile; fileRef = 4015C30D207E2735005CEB48 /* PhtotsCell.swift */; };
		4015C315207E2735005CEB48 /* AppDelegate.swift in Sources */ = {isa = PBXBuildFile; fileRef = 4015C30F207E2735005CEB48 /* AppDelegate.swift */; };
		4015C316207E2735005CEB48 /* NetworkTools.swift in Sources */ = {isa = PBXBuildFile; fileRef = 4015C311207E2735005CEB48 /* NetworkTools.swift */; };
		4015C318207E2763005CEB48 /* GooglePlace.swift in Sources */ = {isa = PBXBuildFile; fileRef = 4015C317207E2763005CEB48 /* GooglePlace.swift */; };
		40CAC863206E332100C0D5E4 /* Main.storyboard in Resources */ = {isa = PBXBuildFile; fileRef = 40CAC861206E332100C0D5E4 /* Main.storyboard */; };
		40CAC865206E332100C0D5E4 /* Assets.xcassets in Resources */ = {isa = PBXBuildFile; fileRef = 40CAC864206E332100C0D5E4 /* Assets.xcassets */; };
		40CAC868206E332100C0D5E4 /* LaunchScreen.storyboard in Resources */ = {isa = PBXBuildFile; fileRef = 40CAC866206E332100C0D5E4 /* LaunchScreen.storyboard */; };
		40CAC873206E332200C0D5E4 /* PhotosCaseTests.swift in Sources */ = {isa = PBXBuildFile; fileRef = 40CAC872206E332200C0D5E4 /* PhotosCaseTests.swift */; };
		40CAC87E206E332200C0D5E4 /* PhotosCaseUITests.swift in Sources */ = {isa = PBXBuildFile; fileRef = 40CAC87D206E332200C0D5E4 /* PhotosCaseUITests.swift */; };
		B38B38343B325FBDAC3D16AB /* Pods_PhotosCase.framework in Frameworks */ = {isa = PBXBuildFile; fileRef = 5FF3F90509EB8BB4A6AF7512 /* Pods_PhotosCase.framework */; };
/* End PBXBuildFile section */

/* Begin PBXContainerItemProxy section */
		40CAC86F206E332200C0D5E4 /* PBXContainerItemProxy */ = {
			isa = PBXContainerItemProxy;
			containerPortal = 40CAC852206E332100C0D5E4 /* Project object */;
			proxyType = 1;
			remoteGlobalIDString = 40CAC859206E332100C0D5E4;
			remoteInfo = PhotosCase;
		};
		40CAC87A206E332200C0D5E4 /* PBXContainerItemProxy */ = {
			isa = PBXContainerItemProxy;
			containerPortal = 40CAC852206E332100C0D5E4 /* Project object */;
			proxyType = 1;
			remoteGlobalIDString = 40CAC859206E332100C0D5E4;
			remoteInfo = PhotosCase;
		};
/* End PBXContainerItemProxy section */

/* Begin PBXFileReference section */
		4015C30A207E2735005CEB48 /* OnePhotosVC.swift */ = {isa = PBXFileReference; fileEncoding = 4; lastKnownFileType = sourcecode.swift; path = OnePhotosVC.swift; sourceTree = "<group>"; };
		4015C30B207E2735005CEB48 /* PhotosSelectVC.swift */ = {isa = PBXFileReference; fileEncoding = 4; lastKnownFileType = sourcecode.swift; path = PhotosSelectVC.swift; sourceTree = "<group>"; };
		4015C30D207E2735005CEB48 /* PhtotsCell.swift */ = {isa = PBXFileReference; fileEncoding = 4; lastKnownFileType = sourcecode.swift; path = PhtotsCell.swift; sourceTree = "<group>"; };
		4015C30F207E2735005CEB48 /* AppDelegate.swift */ = {isa = PBXFileReference; fileEncoding = 4; lastKnownFileType = sourcecode.swift; path = AppDelegate.swift; sourceTree = "<group>"; };
		4015C311207E2735005CEB48 /* NetworkTools.swift */ = {isa = PBXFileReference; fileEncoding = 4; lastKnownFileType = sourcecode.swift; path = NetworkTools.swift; sourceTree = "<group>"; };
		4015C317207E2763005CEB48 /* GooglePlace.swift */ = {isa = PBXFileReference; lastKnownFileType = sourcecode.swift; path = GooglePlace.swift; sourceTree = "<group>"; };
		40CAC85A206E332100C0D5E4 /* PhotosCase.app */ = {isa = PBXFileReference; explicitFileType = wrapper.application; includeInIndex = 0; path = PhotosCase.app; sourceTree = BUILT_PRODUCTS_DIR; };
		40CAC862206E332100C0D5E4 /* Base */ = {isa = PBXFileReference; lastKnownFileType = file.storyboard; name = Base; path = Base.lproj/Main.storyboard; sourceTree = "<group>"; };
		40CAC864206E332100C0D5E4 /* Assets.xcassets */ = {isa = PBXFileReference; lastKnownFileType = folder.assetcatalog; path = Assets.xcassets; sourceTree = "<group>"; };
		40CAC867206E332100C0D5E4 /* Base */ = {isa = PBXFileReference; lastKnownFileType = file.storyboard; name = Base; path = Base.lproj/LaunchScreen.storyboard; sourceTree = "<group>"; };
		40CAC869206E332100C0D5E4 /* Info.plist */ = {isa = PBXFileReference; lastKnownFileType = text.plist.xml; path = Info.plist; sourceTree = "<group>"; };
		40CAC86E206E332200C0D5E4 /* PhotosCaseTests.xctest */ = {isa = PBXFileReference; explicitFileType = wrapper.cfbundle; includeInIndex = 0; path = PhotosCaseTests.xctest; sourceTree = BUILT_PRODUCTS_DIR; };
		40CAC872206E332200C0D5E4 /* PhotosCaseTests.swift */ = {isa = PBXFileReference; lastKnownFileType = sourcecode.swift; path = PhotosCaseTests.swift; sourceTree = "<group>"; };
		40CAC874206E332200C0D5E4 /* Info.plist */ = {isa = PBXFileReference; lastKnownFileType = text.plist.xml; path = Info.plist; sourceTree = "<group>"; };
		40CAC879206E332200C0D5E4 /* PhotosCaseUITests.xctest */ = {isa = PBXFileReference; explicitFileType = wrapper.cfbundle; includeInIndex = 0; path = PhotosCaseUITests.xctest; sourceTree = BUILT_PRODUCTS_DIR; };
		40CAC87D206E332200C0D5E4 /* PhotosCaseUITests.swift */ = {isa = PBXFileReference; lastKnownFileType = sourcecode.swift; path = PhotosCaseUITests.swift; sourceTree = "<group>"; };
		40CAC87F206E332200C0D5E4 /* Info.plist */ = {isa = PBXFileReference; lastKnownFileType = text.plist.xml; path = Info.plist; sourceTree = "<group>"; };
		5FF3F90509EB8BB4A6AF7512 /* Pods_PhotosCase.framework */ = {isa = PBXFileReference; explicitFileType = wrapper.framework; includeInIndex = 0; path = Pods_PhotosCase.framework; sourceTree = BUILT_PRODUCTS_DIR; };
		9E2F325A94733C1C1E87AD46 /* Pods-PhotosCase.debug.xcconfig */ = {isa = PBXFileReference; includeInIndex = 1; lastKnownFileType = text.xcconfig; name = "Pods-PhotosCase.debug.xcconfig"; path = "Pods/Target Support Files/Pods-PhotosCase/Pods-PhotosCase.debug.xcconfig"; sourceTree = "<group>"; };
		FA5A9AA691643E62379B1DD2 /* Pods-PhotosCase.release.xcconfig */ = {isa = PBXFileReference; includeInIndex = 1; lastKnownFileType = text.xcconfig; name = "Pods-PhotosCase.release.xcconfig"; path = "Pods/Target Support Files/Pods-PhotosCase/Pods-PhotosCase.release.xcconfig"; sourceTree = "<group>"; };
/* End PBXFileReference section */

/* Begin PBXFrameworksBuildPhase section */
		40CAC857206E332100C0D5E4 /* Frameworks */ = {
			isa = PBXFrameworksBuildPhase;
			buildActionMask = 2147483647;
			files = (
				B38B38343B325FBDAC3D16AB /* Pods_PhotosCase.framework in Frameworks */,
			);
			runOnlyForDeploymentPostprocessing = 0;
		};
		40CAC86B206E332200C0D5E4 /* Frameworks */ = {
			isa = PBXFrameworksBuildPhase;
			buildActionMask = 2147483647;
			files = (
			);
			runOnlyForDeploymentPostprocessing = 0;
		};
		40CAC876206E332200C0D5E4 /* Frameworks */ = {
			isa = PBXFrameworksBuildPhase;
			buildActionMask = 2147483647;
			files = (
			);
			runOnlyForDeploymentPostprocessing = 0;
		};
/* End PBXFrameworksBuildPhase section */

/* Begin PBXGroup section */
		4015C304207E2735005CEB48 /* App */ = {
			isa = PBXGroup;
			children = (
				4015C305207E2735005CEB48 /* Home */,
				4015C30E207E2735005CEB48 /* Base */,
			);
			path = App;
			sourceTree = "<group>";
		};
		4015C305207E2735005CEB48 /* Home */ = {
			isa = PBXGroup;
			children = (
				4015C306207E2735005CEB48 /* Common */,
				4015C307207E2735005CEB48 /* Model */,
				4015C308207E2735005CEB48 /* View */,
			);
			path = Home;
			sourceTree = "<group>";
		};
		4015C306207E2735005CEB48 /* Common */ = {
			isa = PBXGroup;
			children = (
			);
			path = Common;
			sourceTree = "<group>";
		};
		4015C307207E2735005CEB48 /* Model */ = {
			isa = PBXGroup;
			children = (
				4015C317207E2763005CEB48 /* GooglePlace.swift */,
			);
			path = Model;
			sourceTree = "<group>";
		};
		4015C308207E2735005CEB48 /* View */ = {
			isa = PBXGroup;
			children = (
				4015C309207E2735005CEB48 /* VC */,
				4015C30C207E2735005CEB48 /* View */,
			);
			path = View;
			sourceTree = "<group>";
		};
		4015C309207E2735005CEB48 /* VC */ = {
			isa = PBXGroup;
			children = (
				4015C30A207E2735005CEB48 /* OnePhotosVC.swift */,
				4015C30B207E2735005CEB48 /* PhotosSelectVC.swift */,
			);
			path = VC;
			sourceTree = "<group>";
		};
		4015C30C207E2735005CEB48 /* View */ = {
			isa = PBXGroup;
			children = (
				4015C30D207E2735005CEB48 /* PhtotsCell.swift */,
			);
			path = View;
			sourceTree = "<group>";
		};
		4015C30E207E2735005CEB48 /* Base */ = {
			isa = PBXGroup;
			children = (
				4015C30F207E2735005CEB48 /* AppDelegate.swift */,
			);
			path = Base;
			sourceTree = "<group>";
		};
		4015C310207E2735005CEB48 /* Utils */ = {
			isa = PBXGroup;
			children = (
				4015C311207E2735005CEB48 /* NetworkTools.swift */,
			);
			path = Utils;
			sourceTree = "<group>";
		};
		40CAC851206E332100C0D5E4 = {
			isa = PBXGroup;
			children = (
				40CAC85C206E332100C0D5E4 /* PhotosCase */,
				40CAC871206E332200C0D5E4 /* PhotosCaseTests */,
				40CAC87C206E332200C0D5E4 /* PhotosCaseUITests */,
				40CAC85B206E332100C0D5E4 /* Products */,
				6D672E97ACEF687C06CD8E42 /* Pods */,
				A9789CD7657118FD8683F565 /* Frameworks */,
			);
			sourceTree = "<group>";
		};
		40CAC85B206E332100C0D5E4 /* Products */ = {
			isa = PBXGroup;
			children = (
				40CAC85A206E332100C0D5E4 /* PhotosCase.app */,
				40CAC86E206E332200C0D5E4 /* PhotosCaseTests.xctest */,
				40CAC879206E332200C0D5E4 /* PhotosCaseUITests.xctest */,
			);
			name = Products;
			sourceTree = "<group>";
		};
		40CAC85C206E332100C0D5E4 /* PhotosCase */ = {
			isa = PBXGroup;
			children = (
				4015C304207E2735005CEB48 /* App */,
				4015C310207E2735005CEB48 /* Utils */,
				40CAC861206E332100C0D5E4 /* Main.storyboard */,
				40CAC864206E332100C0D5E4 /* Assets.xcassets */,
				40CAC866206E332100C0D5E4 /* LaunchScreen.storyboard */,
				40CAC869206E332100C0D5E4 /* Info.plist */,
			);
			path = PhotosCase;
			sourceTree = "<group>";
		};
		40CAC871206E332200C0D5E4 /* PhotosCaseTests */ = {
			isa = PBXGroup;
			children = (
				40CAC872206E332200C0D5E4 /* PhotosCaseTests.swift */,
				40CAC874206E332200C0D5E4 /* Info.plist */,
			);
			path = PhotosCaseTests;
			sourceTree = "<group>";
		};
		40CAC87C206E332200C0D5E4 /* PhotosCaseUITests */ = {
			isa = PBXGroup;
			children = (
				40CAC87D206E332200C0D5E4 /* PhotosCaseUITests.swift */,
				40CAC87F206E332200C0D5E4 /* Info.plist */,
			);
			path = PhotosCaseUITests;
			sourceTree = "<group>";
		};
		6D672E97ACEF687C06CD8E42 /* Pods */ = {
			isa = PBXGroup;
			children = (
				9E2F325A94733C1C1E87AD46 /* Pods-PhotosCase.debug.xcconfig */,
				FA5A9AA691643E62379B1DD2 /* Pods-PhotosCase.release.xcconfig */,
			);
			name = Pods;
			sourceTree = "<group>";
		};
		A9789CD7657118FD8683F565 /* Frameworks */ = {
			isa = PBXGroup;
			children = (
				5FF3F90509EB8BB4A6AF7512 /* Pods_PhotosCase.framework */,
			);
			name = Frameworks;
			sourceTree = "<group>";
		};
/* End PBXGroup section */

/* Begin PBXNativeTarget section */
		40CAC859206E332100C0D5E4 /* PhotosCase */ = {
			isa = PBXNativeTarget;
			buildConfigurationList = 40CAC882206E332200C0D5E4 /* Build configuration list for PBXNativeTarget "PhotosCase" */;
			buildPhases = (
				03A2A59804B686C76A82C205 /* [CP] Check Pods Manifest.lock */,
				40CAC856206E332100C0D5E4 /* Sources */,
				40CAC857206E332100C0D5E4 /* Frameworks */,
				40CAC858206E332100C0D5E4 /* Resources */,
				EB2A20CE34400042E4181F00 /* [CP] Embed Pods Frameworks */,
				FA677F6B5AD9B807F7CB947D /* [CP] Copy Pods Resources */,
			);
			buildRules = (
			);
			dependencies = (
			);
			name = PhotosCase;
			productName = PhotosCase;
			productReference = 40CAC85A206E332100C0D5E4 /* PhotosCase.app */;
			productType = "com.apple.product-type.application";
		};
		40CAC86D206E332200C0D5E4 /* PhotosCaseTests */ = {
			isa = PBXNativeTarget;
			buildConfigurationList = 40CAC885206E332200C0D5E4 /* Build configuration list for PBXNativeTarget "PhotosCaseTests" */;
			buildPhases = (
				40CAC86A206E332200C0D5E4 /* Sources */,
				40CAC86B206E332200C0D5E4 /* Frameworks */,
				40CAC86C206E332200C0D5E4 /* Resources */,
			);
			buildRules = (
			);
			dependencies = (
				40CAC870206E332200C0D5E4 /* PBXTargetDependency */,
			);
			name = PhotosCaseTests;
			productName = PhotosCaseTests;
			productReference = 40CAC86E206E332200C0D5E4 /* PhotosCaseTests.xctest */;
			productType = "com.apple.product-type.bundle.unit-test";
		};
		40CAC878206E332200C0D5E4 /* PhotosCaseUITests */ = {
			isa = PBXNativeTarget;
			buildConfigurationList = 40CAC888206E332200C0D5E4 /* Build configuration list for PBXNativeTarget "PhotosCaseUITests" */;
			buildPhases = (
				40CAC875206E332200C0D5E4 /* Sources */,
				40CAC876206E332200C0D5E4 /* Frameworks */,
				40CAC877206E332200C0D5E4 /* Resources */,
			);
			buildRules = (
			);
			dependencies = (
				40CAC87B206E332200C0D5E4 /* PBXTargetDependency */,
			);
			name = PhotosCaseUITests;
			productName = PhotosCaseUITests;
			productReference = 40CAC879206E332200C0D5E4 /* PhotosCaseUITests.xctest */;
			productType = "com.apple.product-type.bundle.ui-testing";
		};
/* End PBXNativeTarget section */

/* Begin PBXProject section */
		40CAC852206E332100C0D5E4 /* Project object */ = {
			isa = PBXProject;
			attributes = {
				LastSwiftUpdateCheck = 0920;
				LastUpgradeCheck = 0920;
				ORGANIZATIONNAME = Kiddie;
				TargetAttributes = {
					40CAC859206E332100C0D5E4 = {
						CreatedOnToolsVersion = 9.2;
						ProvisioningStyle = Automatic;
					};
					40CAC86D206E332200C0D5E4 = {
						CreatedOnToolsVersion = 9.2;
						ProvisioningStyle = Automatic;
						TestTargetID = 40CAC859206E332100C0D5E4;
					};
					40CAC878206E332200C0D5E4 = {
						CreatedOnToolsVersion = 9.2;
						ProvisioningStyle = Automatic;
						TestTargetID = 40CAC859206E332100C0D5E4;
					};
				};
			};
			buildConfigurationList = 40CAC855206E332100C0D5E4 /* Build configuration list for PBXProject "PhotosCase" */;
			compatibilityVersion = "Xcode 8.0";
			developmentRegion = en;
			hasScannedForEncodings = 0;
			knownRegions = (
				en,
				Base,
			);
			mainGroup = 40CAC851206E332100C0D5E4;
			productRefGroup = 40CAC85B206E332100C0D5E4 /* Products */;
			projectDirPath = "";
			projectRoot = "";
			targets = (
				40CAC859206E332100C0D5E4 /* PhotosCase */,
				40CAC86D206E332200C0D5E4 /* PhotosCaseTests */,
				40CAC878206E332200C0D5E4 /* PhotosCaseUITests */,
			);
		};
/* End PBXProject section */

/* Begin PBXResourcesBuildPhase section */
		40CAC858206E332100C0D5E4 /* Resources */ = {
			isa = PBXResourcesBuildPhase;
			buildActionMask = 2147483647;
			files = (
				40CAC868206E332100C0D5E4 /* LaunchScreen.storyboard in Resources */,
				40CAC865206E332100C0D5E4 /* Assets.xcassets in Resources */,
				40CAC863206E332100C0D5E4 /* Main.storyboard in Resources */,
			);
			runOnlyForDeploymentPostprocessing = 0;
		};
		40CAC86C206E332200C0D5E4 /* Resources */ = {
			isa = PBXResourcesBuildPhase;
			buildActionMask = 2147483647;
			files = (
			);
			runOnlyForDeploymentPostprocessing = 0;
		};
		40CAC877206E332200C0D5E4 /* Resources */ = {
			isa = PBXResourcesBuildPhase;
			buildActionMask = 2147483647;
			files = (
			);
			runOnlyForDeploymentPostprocessing = 0;
		};
/* End PBXResourcesBuildPhase section */

/* Begin PBXShellScriptBuildPhase section */
		03A2A59804B686C76A82C205 /* [CP] Check Pods Manifest.lock */ = {
			isa = PBXShellScriptBuildPhase;
			buildActionMask = 2147483647;
			files = (
			);
			inputPaths = (
				"${PODS_PODFILE_DIR_PATH}/Podfile.lock",
				"${PODS_ROOT}/Manifest.lock",
			);
			name = "[CP] Check Pods Manifest.lock";
			outputPaths = (
				"$(DERIVED_FILE_DIR)/Pods-PhotosCase-checkManifestLockResult.txt",
			);
			runOnlyForDeploymentPostprocessing = 0;
			shellPath = /bin/sh;
			shellScript = "diff \"${PODS_PODFILE_DIR_PATH}/Podfile.lock\" \"${PODS_ROOT}/Manifest.lock\" > /dev/null\nif [ $? != 0 ] ; then\n    # print error to STDERR\n    echo \"error: The sandbox is not in sync with the Podfile.lock. Run 'pod install' or update your CocoaPods installation.\" >&2\n    exit 1\nfi\n# This output is used by Xcode 'outputs' to avoid re-running this script phase.\necho \"SUCCESS\" > \"${SCRIPT_OUTPUT_FILE_0}\"\n";
			showEnvVarsInLog = 0;
		};
		EB2A20CE34400042E4181F00 /* [CP] Embed Pods Frameworks */ = {
			isa = PBXShellScriptBuildPhase;
			buildActionMask = 2147483647;
			files = (
			);
			inputPaths = (
				"${SRCROOT}/Pods/Target Support Files/Pods-PhotosCase/Pods-PhotosCase-frameworks.sh",
				"${BUILT_PRODUCTS_DIR}/Alamofire/Alamofire.framework",
				"${BUILT_PRODUCTS_DIR}/SDWebImage/SDWebImage.framework",
				"${BUILT_PRODUCTS_DIR}/SnapKit/SnapKit.framework",
				"${BUILT_PRODUCTS_DIR}/YYModel/YYModel.framework",
				"${BUILT_PRODUCTS_DIR}/ZLPhotoBrowser/ZLPhotoBrowser.framework",
			);
			name = "[CP] Embed Pods Frameworks";
			outputPaths = (
				"${TARGET_BUILD_DIR}/${FRAMEWORKS_FOLDER_PATH}/Alamofire.framework",
				"${TARGET_BUILD_DIR}/${FRAMEWORKS_FOLDER_PATH}/SDWebImage.framework",
				"${TARGET_BUILD_DIR}/${FRAMEWORKS_FOLDER_PATH}/SnapKit.framework",
				"${TARGET_BUILD_DIR}/${FRAMEWORKS_FOLDER_PATH}/YYModel.framework",
				"${TARGET_BUILD_DIR}/${FRAMEWORKS_FOLDER_PATH}/ZLPhotoBrowser.framework",
			);
			runOnlyForDeploymentPostprocessing = 0;
			shellPath = /bin/sh;
			shellScript = "\"${SRCROOT}/Pods/Target Support Files/Pods-PhotosCase/Pods-PhotosCase-frameworks.sh\"\n";
			showEnvVarsInLog = 0;
		};
		FA677F6B5AD9B807F7CB947D /* [CP] Copy Pods Resources */ = {
			isa = PBXShellScriptBuildPhase;
			buildActionMask = 2147483647;
			files = (
			);
			inputPaths = (
				"${SRCROOT}/Pods/Target Support Files/Pods-PhotosCase/Pods-PhotosCase-resources.sh",
				"${PODS_ROOT}/GoogleMaps/Maps/Frameworks/GoogleMaps.framework/Resources/GoogleMaps.bundle",
				"${PODS_ROOT}/GooglePlacePicker/Frameworks/GooglePlacePicker.framework/Resources/GooglePlacePicker.bundle",
				"${PODS_ROOT}/GooglePlaces/Frameworks/GooglePlaces.framework/Resources/GooglePlaces.bundle",
			);
			name = "[CP] Copy Pods Resources";
			outputPaths = (
				"${TARGET_BUILD_DIR}/${UNLOCALIZED_RESOURCES_FOLDER_PATH}",
			);
			runOnlyForDeploymentPostprocessing = 0;
			shellPath = /bin/sh;
			shellScript = "\"${SRCROOT}/Pods/Target Support Files/Pods-PhotosCase/Pods-PhotosCase-resources.sh\"\n";
			showEnvVarsInLog = 0;
		};
/* End PBXShellScriptBuildPhase section */

/* Begin PBXSourcesBuildPhase section */
		40CAC856206E332100C0D5E4 /* Sources */ = {
			isa = PBXSourcesBuildPhase;
			buildActionMask = 2147483647;
			files = (
				4015C315207E2735005CEB48 /* AppDelegate.swift in Sources */,
				4015C312207E2735005CEB48 /* OnePhotosVC.swift in Sources */,
				4015C318207E2763005CEB48 /* GooglePlace.swift in Sources */,
				4015C316207E2735005CEB48 /* NetworkTools.swift in Sources */,
				4015C314207E2735005CEB48 /* PhtotsCell.swift in Sources */,
				4015C313207E2735005CEB48 /* PhotosSelectVC.swift in Sources */,
			);
			runOnlyForDeploymentPostprocessing = 0;
		};
		40CAC86A206E332200C0D5E4 /* Sources */ = {
			isa = PBXSourcesBuildPhase;
			buildActionMask = 2147483647;
			files = (
				40CAC873206E332200C0D5E4 /* PhotosCaseTests.swift in Sources */,
			);
			runOnlyForDeploymentPostprocessing = 0;
		};
		40CAC875206E332200C0D5E4 /* Sources */ = {
			isa = PBXSourcesBuildPhase;
			buildActionMask = 2147483647;
			files = (
				40CAC87E206E332200C0D5E4 /* PhotosCaseUITests.swift in Sources */,
			);
			runOnlyForDeploymentPostprocessing = 0;
		};
/* End PBXSourcesBuildPhase section */

/* Begin PBXTargetDependency section */
		40CAC870206E332200C0D5E4 /* PBXTargetDependency */ = {
			isa = PBXTargetDependency;
			target = 40CAC859206E332100C0D5E4 /* PhotosCase */;
			targetProxy = 40CAC86F206E332200C0D5E4 /* PBXContainerItemProxy */;
		};
		40CAC87B206E332200C0D5E4 /* PBXTargetDependency */ = {
			isa = PBXTargetDependency;
			target = 40CAC859206E332100C0D5E4 /* PhotosCase */;
			targetProxy = 40CAC87A206E332200C0D5E4 /* PBXContainerItemProxy */;
		};
/* End PBXTargetDependency section */

/* Begin PBXVariantGroup section */
		40CAC861206E332100C0D5E4 /* Main.storyboard */ = {
			isa = PBXVariantGroup;
			children = (
				40CAC862206E332100C0D5E4 /* Base */,
			);
			name = Main.storyboard;
			sourceTree = "<group>";
		};
		40CAC866206E332100C0D5E4 /* LaunchScreen.storyboard */ = {
			isa = PBXVariantGroup;
			children = (
				40CAC867206E332100C0D5E4 /* Base */,
			);
			name = LaunchScreen.storyboard;
			sourceTree = "<group>";
		};
/* End PBXVariantGroup section */

/* Begin XCBuildConfiguration section */
		40CAC880206E332200C0D5E4 /* Debug */ = {
			isa = XCBuildConfiguration;
			buildSettings = {
				ALWAYS_SEARCH_USER_PATHS = NO;
				CLANG_ANALYZER_NONNULL = YES;
				CLANG_ANALYZER_NUMBER_OBJECT_CONVERSION = YES_AGGRESSIVE;
				CLANG_CXX_LANGUAGE_STANDARD = "gnu++14";
				CLANG_CXX_LIBRARY = "libc++";
				CLANG_ENABLE_MODULES = YES;
				CLANG_ENABLE_OBJC_ARC = YES;
				CLANG_WARN_BLOCK_CAPTURE_AUTORELEASING = YES;
				CLANG_WARN_BOOL_CONVERSION = YES;
				CLANG_WARN_COMMA = YES;
				CLANG_WARN_CONSTANT_CONVERSION = YES;
				CLANG_WARN_DIRECT_OBJC_ISA_USAGE = YES_ERROR;
				CLANG_WARN_DOCUMENTATION_COMMENTS = YES;
				CLANG_WARN_EMPTY_BODY = YES;
				CLANG_WARN_ENUM_CONVERSION = YES;
				CLANG_WARN_INFINITE_RECURSION = YES;
				CLANG_WARN_INT_CONVERSION = YES;
				CLANG_WARN_NON_LITERAL_NULL_CONVERSION = YES;
				CLANG_WARN_OBJC_LITERAL_CONVERSION = YES;
				CLANG_WARN_OBJC_ROOT_CLASS = YES_ERROR;
				CLANG_WARN_RANGE_LOOP_ANALYSIS = YES;
				CLANG_WARN_STRICT_PROTOTYPES = YES;
				CLANG_WARN_SUSPICIOUS_MOVE = YES;
				CLANG_WARN_UNGUARDED_AVAILABILITY = YES_AGGRESSIVE;
				CLANG_WARN_UNREACHABLE_CODE = YES;
				CLANG_WARN__DUPLICATE_METHOD_MATCH = YES;
				CODE_SIGN_IDENTITY = "iPhone Developer";
				COPY_PHASE_STRIP = NO;
				DEBUG_INFORMATION_FORMAT = dwarf;
				ENABLE_STRICT_OBJC_MSGSEND = YES;
				ENABLE_TESTABILITY = YES;
				GCC_C_LANGUAGE_STANDARD = gnu11;
				GCC_DYNAMIC_NO_PIC = NO;
				GCC_NO_COMMON_BLOCKS = YES;
				GCC_OPTIMIZATION_LEVEL = 0;
				GCC_PREPROCESSOR_DEFINITIONS = (
					"DEBUG=1",
					"$(inherited)",
				);
				GCC_WARN_64_TO_32_BIT_CONVERSION = YES;
				GCC_WARN_ABOUT_RETURN_TYPE = YES_ERROR;
				GCC_WARN_UNDECLARED_SELECTOR = YES;
				GCC_WARN_UNINITIALIZED_AUTOS = YES_AGGRESSIVE;
				GCC_WARN_UNUSED_FUNCTION = YES;
				GCC_WARN_UNUSED_VARIABLE = YES;
				IPHONEOS_DEPLOYMENT_TARGET = 11.2;
				MTL_ENABLE_DEBUG_INFO = YES;
				ONLY_ACTIVE_ARCH = YES;
				SDKROOT = iphoneos;
				SWIFT_ACTIVE_COMPILATION_CONDITIONS = DEBUG;
				SWIFT_OPTIMIZATION_LEVEL = "-Onone";
			};
			name = Debug;
		};
		40CAC881206E332200C0D5E4 /* Release */ = {
			isa = XCBuildConfiguration;
			buildSettings = {
				ALWAYS_SEARCH_USER_PATHS = NO;
				CLANG_ANALYZER_NONNULL = YES;
				CLANG_ANALYZER_NUMBER_OBJECT_CONVERSION = YES_AGGRESSIVE;
				CLANG_CXX_LANGUAGE_STANDARD = "gnu++14";
				CLANG_CXX_LIBRARY = "libc++";
				CLANG_ENABLE_MODULES = YES;
				CLANG_ENABLE_OBJC_ARC = YES;
				CLANG_WARN_BLOCK_CAPTURE_AUTORELEASING = YES;
				CLANG_WARN_BOOL_CONVERSION = YES;
				CLANG_WARN_COMMA = YES;
				CLANG_WARN_CONSTANT_CONVERSION = YES;
				CLANG_WARN_DIRECT_OBJC_ISA_USAGE = YES_ERROR;
				CLANG_WARN_DOCUMENTATION_COMMENTS = YES;
				CLANG_WARN_EMPTY_BODY = YES;
				CLANG_WARN_ENUM_CONVERSION = YES;
				CLANG_WARN_INFINITE_RECURSION = YES;
				CLANG_WARN_INT_CONVERSION = YES;
				CLANG_WARN_NON_LITERAL_NULL_CONVERSION = YES;
				CLANG_WARN_OBJC_LITERAL_CONVERSION = YES;
				CLANG_WARN_OBJC_ROOT_CLASS = YES_ERROR;
				CLANG_WARN_RANGE_LOOP_ANALYSIS = YES;
				CLANG_WARN_STRICT_PROTOTYPES = YES;
				CLANG_WARN_SUSPICIOUS_MOVE = YES;
				CLANG_WARN_UNGUARDED_AVAILABILITY = YES_AGGRESSIVE;
				CLANG_WARN_UNREACHABLE_CODE = YES;
				CLANG_WARN__DUPLICATE_METHOD_MATCH = YES;
				CODE_SIGN_IDENTITY = "iPhone Developer";
				COPY_PHASE_STRIP = NO;
				DEBUG_INFORMATION_FORMAT = "dwarf-with-dsym";
				ENABLE_NS_ASSERTIONS = NO;
				ENABLE_STRICT_OBJC_MSGSEND = YES;
				GCC_C_LANGUAGE_STANDARD = gnu11;
				GCC_NO_COMMON_BLOCKS = YES;
				GCC_WARN_64_TO_32_BIT_CONVERSION = YES;
				GCC_WARN_ABOUT_RETURN_TYPE = YES_ERROR;
				GCC_WARN_UNDECLARED_SELECTOR = YES;
				GCC_WARN_UNINITIALIZED_AUTOS = YES_AGGRESSIVE;
				GCC_WARN_UNUSED_FUNCTION = YES;
				GCC_WARN_UNUSED_VARIABLE = YES;
				IPHONEOS_DEPLOYMENT_TARGET = 11.2;
				MTL_ENABLE_DEBUG_INFO = NO;
				SDKROOT = iphoneos;
				SWIFT_OPTIMIZATION_LEVEL = "-Owholemodule";
				VALIDATE_PRODUCT = YES;
			};
			name = Release;
		};
		40CAC883206E332200C0D5E4 /* Debug */ = {
			isa = XCBuildConfiguration;
			baseConfigurationReference = 9E2F325A94733C1C1E87AD46 /* Pods-PhotosCase.debug.xcconfig */;
			buildSettings = {
				ASSETCATALOG_COMPILER_APPICON_NAME = AppIcon;
				CODE_SIGN_STYLE = Automatic;
				DEVELOPMENT_TEAM = FJMVR73497;
				INFOPLIST_FILE = PhotosCase/Info.plist;
				IPHONEOS_DEPLOYMENT_TARGET = 8.0;
				LD_RUNPATH_SEARCH_PATHS = "$(inherited) @executable_path/Frameworks";
				OTHER_SWIFT_FLAGS = "$(inherited) \"-D\" \"COCOAPODS\" -D DEBUG";
				PRODUCT_BUNDLE_IDENTIFIER = Cango.PhotosCase;
				PRODUCT_NAME = "$(TARGET_NAME)";
				SWIFT_ACTIVE_COMPILATION_CONDITIONS = DEBUG;
				SWIFT_VERSION = 4.0;
				TARGETED_DEVICE_FAMILY = "1,2";
			};
			name = Debug;
		};
		40CAC884206E332200C0D5E4 /* Release */ = {
			isa = XCBuildConfiguration;
			baseConfigurationReference = FA5A9AA691643E62379B1DD2 /* Pods-PhotosCase.release.xcconfig */;
			buildSettings = {
				ASSETCATALOG_COMPILER_APPICON_NAME = AppIcon;
				CODE_SIGN_STYLE = Automatic;
				DEVELOPMENT_TEAM = FJMVR73497;
				INFOPLIST_FILE = PhotosCase/Info.plist;
				IPHONEOS_DEPLOYMENT_TARGET = 8.0;
				LD_RUNPATH_SEARCH_PATHS = "$(inherited) @executable_path/Frameworks";
				PRODUCT_BUNDLE_IDENTIFIER = Cango.PhotosCase;
				PRODUCT_NAME = "$(TARGET_NAME)";
				SWIFT_VERSION = 4.0;
				TARGETED_DEVICE_FAMILY = "1,2";
			};
			name = Release;
		};
		40CAC886206E332200C0D5E4 /* Debug */ = {
			isa = XCBuildConfiguration;
			buildSettings = {
				ALWAYS_EMBED_SWIFT_STANDARD_LIBRARIES = YES;
				BUNDLE_LOADER = "$(TEST_HOST)";
				CODE_SIGN_STYLE = Automatic;
				DEVELOPMENT_TEAM = FJMVR73497;
				INFOPLIST_FILE = PhotosCaseTests/Info.plist;
				LD_RUNPATH_SEARCH_PATHS = "$(inherited) @executable_path/Frameworks @loader_path/Frameworks";
				PRODUCT_BUNDLE_IDENTIFIER = Cango.PhotosCaseTests;
				PRODUCT_NAME = "$(TARGET_NAME)";
				SWIFT_VERSION = 4.0;
				TARGETED_DEVICE_FAMILY = "1,2";
				TEST_HOST = "$(BUILT_PRODUCTS_DIR)/PhotosCase.app/PhotosCase";
			};
			name = Debug;
		};
		40CAC887206E332200C0D5E4 /* Release */ = {
			isa = XCBuildConfiguration;
			buildSettings = {
				ALWAYS_EMBED_SWIFT_STANDARD_LIBRARIES = YES;
				BUNDLE_LOADER = "$(TEST_HOST)";
				CODE_SIGN_STYLE = Automatic;
				DEVELOPMENT_TEAM = FJMVR73497;
				INFOPLIST_FILE = PhotosCaseTests/Info.plist;
				LD_RUNPATH_SEARCH_PATHS = "$(inherited) @executable_path/Frameworks @loader_path/Frameworks";
				PRODUCT_BUNDLE_IDENTIFIER = Cango.PhotosCaseTests;
				PRODUCT_NAME = "$(TARGET_NAME)";
				SWIFT_VERSION = 4.0;
				TARGETED_DEVICE_FAMILY = "1,2";
				TEST_HOST = "$(BUILT_PRODUCTS_DIR)/PhotosCase.app/PhotosCase";
			};
			name = Release;
		};
		40CAC889206E332200C0D5E4 /* Debug */ = {
			isa = XCBuildConfiguration;
			buildSettings = {
				ALWAYS_EMBED_SWIFT_STANDARD_LIBRARIES = YES;
				CODE_SIGN_STYLE = Automatic;
				DEVELOPMENT_TEAM = FJMVR73497;
				INFOPLIST_FILE = PhotosCaseUITests/Info.plist;
				LD_RUNPATH_SEARCH_PATHS = "$(inherited) @executable_path/Frameworks @loader_path/Frameworks";
				PRODUCT_BUNDLE_IDENTIFIER = Cango.PhotosCaseUITests;
				PRODUCT_NAME = "$(TARGET_NAME)";
				SWIFT_VERSION = 4.0;
				TARGETED_DEVICE_FAMILY = "1,2";
				TEST_TARGET_NAME = PhotosCase;
			};
			name = Debug;
		};
		40CAC88A206E332200C0D5E4 /* Release */ = {
			isa = XCBuildConfiguration;
			buildSettings = {
				ALWAYS_EMBED_SWIFT_STANDARD_LIBRARIES = YES;
				CODE_SIGN_STYLE = Automatic;
				DEVELOPMENT_TEAM = FJMVR73497;
				INFOPLIST_FILE = PhotosCaseUITests/Info.plist;
				LD_RUNPATH_SEARCH_PATHS = "$(inherited) @executable_path/Frameworks @loader_path/Frameworks";
				PRODUCT_BUNDLE_IDENTIFIER = Cango.PhotosCaseUITests;
				PRODUCT_NAME = "$(TARGET_NAME)";
				SWIFT_VERSION = 4.0;
				TARGETED_DEVICE_FAMILY = "1,2";
				TEST_TARGET_NAME = PhotosCase;
			};
			name = Release;
		};
/* End XCBuildConfiguration section */

/* Begin XCConfigurationList section */
		40CAC855206E332100C0D5E4 /* Build configuration list for PBXProject "PhotosCase" */ = {
			isa = XCConfigurationList;
			buildConfigurations = (
				40CAC880206E332200C0D5E4 /* Debug */,
				40CAC881206E332200C0D5E4 /* Release */,
			);
			defaultConfigurationIsVisible = 0;
			defaultConfigurationName = Release;
		};
		40CAC882206E332200C0D5E4 /* Build configuration list for PBXNativeTarget "PhotosCase" */ = {
			isa = XCConfigurationList;
			buildConfigurations = (
				40CAC883206E332200C0D5E4 /* Debug */,
				40CAC884206E332200C0D5E4 /* Release */,
			);
			defaultConfigurationIsVisible = 0;
			defaultConfigurationName = Release;
		};
		40CAC885206E332200C0D5E4 /* Build configuration list for PBXNativeTarget "PhotosCaseTests" */ = {
			isa = XCConfigurationList;
			buildConfigurations = (
				40CAC886206E332200C0D5E4 /* Debug */,
				40CAC887206E332200C0D5E4 /* Release */,
			);
			defaultConfigurationIsVisible = 0;
			defaultConfigurationName = Release;
		};
		40CAC888206E332200C0D5E4 /* Build configuration list for PBXNativeTarget "PhotosCaseUITests" */ = {
			isa = XCConfigurationList;
			buildConfigurations = (
				40CAC889206E332200C0D5E4 /* Debug */,
				40CAC88A206E332200C0D5E4 /* Release */,
			);
			defaultConfigurationIsVisible = 0;
			defaultConfigurationName = Release;
		};
/* End XCConfigurationList section */
	};
	rootObject = 40CAC852206E332100C0D5E4 /* Project object */;
}
